// !$*UTF8*$!
{
	archiveVersion = 1;
	classes = {
	};
	objectVersion = 56;
	objects = {

/* Begin PBXBuildFile section */
		0AA7F344F942AA90863314F7 /* Pods_Moments.framework in Frameworks */ = {isa = PBXBuildFile; fileRef = 45D8C4D94AE7AF170C4F4E8A /* Pods_Moments.framework */; };
		7C3B6D8F29DC279600B6A387 /* README.md in Resources */ = {isa = PBXBuildFile; fileRef = 7C3B6D8E29DC279600B6A387 /* README.md */; };
		7CABF87A29DABB57003F5897 /* AppDelegate.swift in Sources */ = {isa = PBXBuildFile; fileRef = 7CABF87929DABB57003F5897 /* AppDelegate.swift */; };
		7CABF87C29DABB57003F5897 /* SceneDelegate.swift in Sources */ = {isa = PBXBuildFile; fileRef = 7CABF87B29DABB57003F5897 /* SceneDelegate.swift */; };
		7CABF87E29DABB57003F5897 /* ViewController.swift in Sources */ = {isa = PBXBuildFile; fileRef = 7CABF87D29DABB57003F5897 /* ViewController.swift */; };
		7CABF88129DABB57003F5897 /* Main.storyboard in Resources */ = {isa = PBXBuildFile; fileRef = 7CABF87F29DABB57003F5897 /* Main.storyboard */; };
		7CABF88329DABB59003F5897 /* Assets.xcassets in Resources */ = {isa = PBXBuildFile; fileRef = 7CABF88229DABB59003F5897 /* Assets.xcassets */; };
		7CABF88629DABB59003F5897 /* LaunchScreen.storyboard in Resources */ = {isa = PBXBuildFile; fileRef = 7CABF88429DABB59003F5897 /* LaunchScreen.storyboard */; };
		7CABF89429DAC178003F5897 /* MomentsTests.swift in Sources */ = {isa = PBXBuildFile; fileRef = 7CABF89329DAC178003F5897 /* MomentsTests.swift */; };
		E433597EEFC1A5CAC278303C /* Pods_MomentsTests.framework in Frameworks */ = {isa = PBXBuildFile; fileRef = F19C675D284A9A0E1BC515D2 /* Pods_MomentsTests.framework */; };
/* End PBXBuildFile section */

/* Begin PBXContainerItemProxy section */
		7CABF89529DAC178003F5897 /* PBXContainerItemProxy */ = {
			isa = PBXContainerItemProxy;
			containerPortal = 7CABF86E29DABB57003F5897 /* Project object */;
			proxyType = 1;
			remoteGlobalIDString = 7CABF87529DABB57003F5897;
			remoteInfo = Moments;
		};
/* End PBXContainerItemProxy section */

/* Begin PBXFileReference section */
		19E179B5C1CBE4D0956AF60F /* Pods-Moments.internal.xcconfig */ = {isa = PBXFileReference; includeInIndex = 1; lastKnownFileType = text.xcconfig; name = "Pods-Moments.internal.xcconfig"; path = "Target Support Files/Pods-Moments/Pods-Moments.internal.xcconfig"; sourceTree = "<group>"; };
		2B9BEE157BACDE7F02DDA72C /* Pods-Moments.debug.xcconfig */ = {isa = PBXFileReference; includeInIndex = 1; lastKnownFileType = text.xcconfig; name = "Pods-Moments.debug.xcconfig"; path = "Target Support Files/Pods-Moments/Pods-Moments.debug.xcconfig"; sourceTree = "<group>"; };
		2EA9D89CA7C197063000CD4D /* Pods-MomentsTests.internal.xcconfig */ = {isa = PBXFileReference; includeInIndex = 1; lastKnownFileType = text.xcconfig; name = "Pods-MomentsTests.internal.xcconfig"; path = "Target Support Files/Pods-MomentsTests/Pods-MomentsTests.internal.xcconfig"; sourceTree = "<group>"; };
		45D8C4D94AE7AF170C4F4E8A /* Pods_Moments.framework */ = {isa = PBXFileReference; explicitFileType = wrapper.framework; includeInIndex = 0; path = Pods_Moments.framework; sourceTree = BUILT_PRODUCTS_DIR; };
		51C56D5E9E760422446252D7 /* Pods-Moments.appstore.xcconfig */ = {isa = PBXFileReference; includeInIndex = 1; lastKnownFileType = text.xcconfig; name = "Pods-Moments.appstore.xcconfig"; path = "Target Support Files/Pods-Moments/Pods-Moments.appstore.xcconfig"; sourceTree = "<group>"; };
		7C3B6D8429DC1C9B00B6A387 /* AppStoreProject.xcconfig */ = {isa = PBXFileReference; lastKnownFileType = text.xcconfig; path = AppStoreProject.xcconfig; sourceTree = "<group>"; };
		7C3B6D8529DC1CAC00B6A387 /* AppStoreTarget.xcconfig */ = {isa = PBXFileReference; lastKnownFileType = text.xcconfig; path = AppStoreTarget.xcconfig; sourceTree = "<group>"; };
		7C3B6D8629DC1CC000B6A387 /* BaseProject.xcconfig */ = {isa = PBXFileReference; lastKnownFileType = text.xcconfig; path = BaseProject.xcconfig; sourceTree = "<group>"; };
		7C3B6D8729DC1CD400B6A387 /* BaseTarget.xcconfig */ = {isa = PBXFileReference; lastKnownFileType = text.xcconfig; path = BaseTarget.xcconfig; sourceTree = "<group>"; };
		7C3B6D8829DC1D2A00B6A387 /* CompilerAndLanguage.xcconfig */ = {isa = PBXFileReference; lastKnownFileType = text.xcconfig; path = CompilerAndLanguage.xcconfig; sourceTree = "<group>"; };
		7C3B6D8929DC1D3600B6A387 /* DebugProject.xcconfig */ = {isa = PBXFileReference; lastKnownFileType = text.xcconfig; path = DebugProject.xcconfig; sourceTree = "<group>"; };
		7C3B6D8A29DC1D4200B6A387 /* DebugTarget.xcconfig */ = {isa = PBXFileReference; lastKnownFileType = text.xcconfig; path = DebugTarget.xcconfig; sourceTree = "<group>"; };
		7C3B6D8B29DC1D4B00B6A387 /* InternalProject.xcconfig */ = {isa = PBXFileReference; lastKnownFileType = text.xcconfig; path = InternalProject.xcconfig; sourceTree = "<group>"; };
		7C3B6D8C29DC1D5400B6A387 /* InternalTarget.xcconfig */ = {isa = PBXFileReference; lastKnownFileType = text.xcconfig; path = InternalTarget.xcconfig; sourceTree = "<group>"; };
		7C3B6D8D29DC1D5E00B6A387 /* SDKAndDeviceSupport.xcconfig */ = {isa = PBXFileReference; lastKnownFileType = text.xcconfig; path = SDKAndDeviceSupport.xcconfig; sourceTree = "<group>"; };
		7C3B6D8E29DC279600B6A387 /* README.md */ = {isa = PBXFileReference; fileEncoding = 4; lastKnownFileType = net.daringfireball.markdown; path = README.md; sourceTree = SOURCE_ROOT; };
		7CABF87629DABB57003F5897 /* Moments.app */ = {isa = PBXFileReference; explicitFileType = wrapper.application; includeInIndex = 0; path = Moments.app; sourceTree = BUILT_PRODUCTS_DIR; };
		7CABF87929DABB57003F5897 /* AppDelegate.swift */ = {isa = PBXFileReference; lastKnownFileType = sourcecode.swift; path = AppDelegate.swift; sourceTree = "<group>"; };
		7CABF87B29DABB57003F5897 /* SceneDelegate.swift */ = {isa = PBXFileReference; lastKnownFileType = sourcecode.swift; path = SceneDelegate.swift; sourceTree = "<group>"; };
		7CABF87D29DABB57003F5897 /* ViewController.swift */ = {isa = PBXFileReference; lastKnownFileType = sourcecode.swift; path = ViewController.swift; sourceTree = "<group>"; };
		7CABF88029DABB57003F5897 /* Base */ = {isa = PBXFileReference; lastKnownFileType = file.storyboard; name = Base; path = Base.lproj/Main.storyboard; sourceTree = "<group>"; };
		7CABF88229DABB59003F5897 /* Assets.xcassets */ = {isa = PBXFileReference; lastKnownFileType = folder.assetcatalog; path = Assets.xcassets; sourceTree = "<group>"; };
		7CABF88529DABB59003F5897 /* Base */ = {isa = PBXFileReference; lastKnownFileType = file.storyboard; name = Base; path = Base.lproj/LaunchScreen.storyboard; sourceTree = "<group>"; };
		7CABF88729DABB59003F5897 /* Info.plist */ = {isa = PBXFileReference; lastKnownFileType = text.plist.xml; path = Info.plist; sourceTree = "<group>"; };
		7CABF89129DAC177003F5897 /* MomentsTests.xctest */ = {isa = PBXFileReference; explicitFileType = wrapper.cfbundle; includeInIndex = 0; path = MomentsTests.xctest; sourceTree = BUILT_PRODUCTS_DIR; };
		7CABF89329DAC178003F5897 /* MomentsTests.swift */ = {isa = PBXFileReference; lastKnownFileType = sourcecode.swift; path = MomentsTests.swift; sourceTree = "<group>"; };
		82172A1771106AED93B9BFB9 /* Pods-Moments.release.xcconfig */ = {isa = PBXFileReference; includeInIndex = 1; lastKnownFileType = text.xcconfig; name = "Pods-Moments.release.xcconfig"; path = "Target Support Files/Pods-Moments/Pods-Moments.release.xcconfig"; sourceTree = "<group>"; };
		8844A075FFF3B8B3C58DC2D1 /* Pods-MomentsTests.debug.xcconfig */ = {isa = PBXFileReference; includeInIndex = 1; lastKnownFileType = text.xcconfig; name = "Pods-MomentsTests.debug.xcconfig"; path = "Target Support Files/Pods-MomentsTests/Pods-MomentsTests.debug.xcconfig"; sourceTree = "<group>"; };
		960196AA69825F75C16FFCAD /* Pods-MomentsTests.appstore.xcconfig */ = {isa = PBXFileReference; includeInIndex = 1; lastKnownFileType = text.xcconfig; name = "Pods-MomentsTests.appstore.xcconfig"; path = "Target Support Files/Pods-MomentsTests/Pods-MomentsTests.appstore.xcconfig"; sourceTree = "<group>"; };
		C9FA86611E73F85275794AA1 /* Pods-MomentsTests.release.xcconfig */ = {isa = PBXFileReference; includeInIndex = 1; lastKnownFileType = text.xcconfig; name = "Pods-MomentsTests.release.xcconfig"; path = "Target Support Files/Pods-MomentsTests/Pods-MomentsTests.release.xcconfig"; sourceTree = "<group>"; };
		F19C675D284A9A0E1BC515D2 /* Pods_MomentsTests.framework */ = {isa = PBXFileReference; explicitFileType = wrapper.framework; includeInIndex = 0; path = Pods_MomentsTests.framework; sourceTree = BUILT_PRODUCTS_DIR; };
/* End PBXFileReference section */

/* Begin PBXFrameworksBuildPhase section */
		7CABF87329DABB57003F5897 /* Frameworks */ = {
			isa = PBXFrameworksBuildPhase;
			buildActionMask = 2147483647;
			files = (
				0AA7F344F942AA90863314F7 /* Pods_Moments.framework in Frameworks */,
			);
			runOnlyForDeploymentPostprocessing = 0;
		};
		7CABF88E29DAC177003F5897 /* Frameworks */ = {
			isa = PBXFrameworksBuildPhase;
			buildActionMask = 2147483647;
			files = (
				E433597EEFC1A5CAC278303C /* Pods_MomentsTests.framework in Frameworks */,
			);
			runOnlyForDeploymentPostprocessing = 0;
		};
/* End PBXFrameworksBuildPhase section */

/* Begin PBXGroup section */
		13112CEA72CEFAE41988A173 /* Frameworks */ = {
			isa = PBXGroup;
			children = (
				45D8C4D94AE7AF170C4F4E8A /* Pods_Moments.framework */,
				F19C675D284A9A0E1BC515D2 /* Pods_MomentsTests.framework */,
			);
			name = Frameworks;
			sourceTree = "<group>";
		};
		7538DA1D0FCA60EEF1DB6552 /* Pods */ = {
			isa = PBXGroup;
			children = (
				2B9BEE157BACDE7F02DDA72C /* Pods-Moments.debug.xcconfig */,
				82172A1771106AED93B9BFB9 /* Pods-Moments.release.xcconfig */,
				8844A075FFF3B8B3C58DC2D1 /* Pods-MomentsTests.debug.xcconfig */,
				C9FA86611E73F85275794AA1 /* Pods-MomentsTests.release.xcconfig */,
				51C56D5E9E760422446252D7 /* Pods-Moments.appstore.xcconfig */,
				19E179B5C1CBE4D0956AF60F /* Pods-Moments.internal.xcconfig */,
				960196AA69825F75C16FFCAD /* Pods-MomentsTests.appstore.xcconfig */,
				2EA9D89CA7C197063000CD4D /* Pods-MomentsTests.internal.xcconfig */,
			);
			path = Pods;
			sourceTree = "<group>";
		};
		7C3B6D8329DC1C0A00B6A387 /* Configurations */ = {
			isa = PBXGroup;
			children = (
				7C3B6D9029DC284200B6A387 /* Shared */,
				7C3B6D9129DC284D00B6A387 /* Project */,
				7C3B6D9229DC285600B6A387 /* Targets */,
			);
			path = Configurations;
			sourceTree = "<group>";
		};
		7C3B6D9029DC284200B6A387 /* Shared */ = {
			isa = PBXGroup;
			children = (
				7C3B6D8829DC1D2A00B6A387 /* CompilerAndLanguage.xcconfig */,
				7C3B6D8D29DC1D5E00B6A387 /* SDKAndDeviceSupport.xcconfig */,
			);
			path = Shared;
			sourceTree = "<group>";
		};
		7C3B6D9129DC284D00B6A387 /* Project */ = {
			isa = PBXGroup;
			children = (
				7C3B6D8629DC1CC000B6A387 /* BaseProject.xcconfig */,
				7C3B6D8929DC1D3600B6A387 /* DebugProject.xcconfig */,
				7C3B6D8B29DC1D4B00B6A387 /* InternalProject.xcconfig */,
				7C3B6D8429DC1C9B00B6A387 /* AppStoreProject.xcconfig */,
			);
			path = Project;
			sourceTree = "<group>";
		};
		7C3B6D9229DC285600B6A387 /* Targets */ = {
			isa = PBXGroup;
			children = (
				7C3B6D8729DC1CD400B6A387 /* BaseTarget.xcconfig */,
				7C3B6D8A29DC1D4200B6A387 /* DebugTarget.xcconfig */,
				7C3B6D8C29DC1D5400B6A387 /* InternalTarget.xcconfig */,
				7C3B6D8529DC1CAC00B6A387 /* AppStoreTarget.xcconfig */,
			);
			path = Targets;
			sourceTree = "<group>";
		};
		7CABF86D29DABB57003F5897 = {
			isa = PBXGroup;
			children = (
				7CABF87829DABB57003F5897 /* Moments */,
				7CABF89229DAC178003F5897 /* MomentsTests */,
				7CABF87729DABB57003F5897 /* Products */,
				7538DA1D0FCA60EEF1DB6552 /* Pods */,
				13112CEA72CEFAE41988A173 /* Frameworks */,
			);
			sourceTree = "<group>";
		};
		7CABF87729DABB57003F5897 /* Products */ = {
			isa = PBXGroup;
			children = (
				7CABF87629DABB57003F5897 /* Moments.app */,
				7CABF89129DAC177003F5897 /* MomentsTests.xctest */,
			);
			name = Products;
			sourceTree = "<group>";
		};
		7CABF87829DABB57003F5897 /* Moments */ = {
			isa = PBXGroup;
			children = (
				7C3B6D8E29DC279600B6A387 /* README.md */,
				7C3B6D8329DC1C0A00B6A387 /* Configurations */,
				7CABF87929DABB57003F5897 /* AppDelegate.swift */,
				7CABF87B29DABB57003F5897 /* SceneDelegate.swift */,
				7CABF87D29DABB57003F5897 /* ViewController.swift */,
				7CABF87F29DABB57003F5897 /* Main.storyboard */,
				7CABF88229DABB59003F5897 /* Assets.xcassets */,
				7CABF88429DABB59003F5897 /* LaunchScreen.storyboard */,
				7CABF88729DABB59003F5897 /* Info.plist */,
			);
			path = Moments;
			sourceTree = "<group>";
		};
		7CABF89229DAC178003F5897 /* MomentsTests */ = {
			isa = PBXGroup;
			children = (
				7CABF89329DAC178003F5897 /* MomentsTests.swift */,
			);
			path = MomentsTests;
			sourceTree = "<group>";
		};
/* End PBXGroup section */

/* Begin PBXNativeTarget section */
		7CABF87529DABB57003F5897 /* Moments */ = {
			isa = PBXNativeTarget;
			buildConfigurationList = 7CABF88A29DABB59003F5897 /* Build configuration list for PBXNativeTarget "Moments" */;
			buildPhases = (
				0A98F5785B3DE41C00FD17F8 /* [CP] Check Pods Manifest.lock */,
				7CABF87229DABB57003F5897 /* Sources */,
				7CABF87329DABB57003F5897 /* Frameworks */,
				7CABF87429DABB57003F5897 /* Resources */,
				3B076A0E294196B46F30F01C /* [CP] Embed Pods Frameworks */,
			);
			buildRules = (
			);
			dependencies = (
			);
			name = Moments;
			productName = Moments;
			productReference = 7CABF87629DABB57003F5897 /* Moments.app */;
			productType = "com.apple.product-type.application";
		};
		7CABF89029DAC177003F5897 /* MomentsTests */ = {
			isa = PBXNativeTarget;
			buildConfigurationList = 7CABF89929DAC178003F5897 /* Build configuration list for PBXNativeTarget "MomentsTests" */;
			buildPhases = (
				A6732D7BCB099744C15FF4F7 /* [CP] Check Pods Manifest.lock */,
				7CABF88D29DAC177003F5897 /* Sources */,
				7CABF88E29DAC177003F5897 /* Frameworks */,
				7CABF88F29DAC177003F5897 /* Resources */,
				CED1BDAAFE61CC8268015525 /* [CP] Embed Pods Frameworks */,
			);
			buildRules = (
			);
			dependencies = (
				7CABF89629DAC178003F5897 /* PBXTargetDependency */,
			);
			name = MomentsTests;
			productName = MomentsTests;
			productReference = 7CABF89129DAC177003F5897 /* MomentsTests.xctest */;
			productType = "com.apple.product-type.bundle.unit-test";
		};
/* End PBXNativeTarget section */

/* Begin PBXProject section */
		7CABF86E29DABB57003F5897 /* Project object */ = {
			isa = PBXProject;
			attributes = {
				BuildIndependentTargetsInParallel = YES;
				LastSwiftUpdateCheck = 1420;
				LastUpgradeCheck = 1420;
				TargetAttributes = {
					7CABF87529DABB57003F5897 = {
						CreatedOnToolsVersion = 14.2;
					};
					7CABF89029DAC177003F5897 = {
						CreatedOnToolsVersion = 14.2;
						TestTargetID = 7CABF87529DABB57003F5897;
					};
				};
			};
			buildConfigurationList = 7CABF87129DABB57003F5897 /* Build configuration list for PBXProject "Moments" */;
			compatibilityVersion = "Xcode 14.0";
			developmentRegion = en;
			hasScannedForEncodings = 0;
			knownRegions = (
				en,
				Base,
			);
			mainGroup = 7CABF86D29DABB57003F5897;
			productRefGroup = 7CABF87729DABB57003F5897 /* Products */;
			projectDirPath = "";
			projectRoot = "";
			targets = (
				7CABF87529DABB57003F5897 /* Moments */,
				7CABF89029DAC177003F5897 /* MomentsTests */,
			);
		};
/* End PBXProject section */

/* Begin PBXResourcesBuildPhase section */
		7CABF87429DABB57003F5897 /* Resources */ = {
			isa = PBXResourcesBuildPhase;
			buildActionMask = 2147483647;
			files = (
				7CABF88629DABB59003F5897 /* LaunchScreen.storyboard in Resources */,
				7CABF88329DABB59003F5897 /* Assets.xcassets in Resources */,
				7C3B6D8F29DC279600B6A387 /* README.md in Resources */,
				7CABF88129DABB57003F5897 /* Main.storyboard in Resources */,
			);
			runOnlyForDeploymentPostprocessing = 0;
		};
		7CABF88F29DAC177003F5897 /* Resources */ = {
			isa = PBXResourcesBuildPhase;
			buildActionMask = 2147483647;
			files = (
			);
			runOnlyForDeploymentPostprocessing = 0;
		};
/* End PBXResourcesBuildPhase section */

/* Begin PBXShellScriptBuildPhase section */
		0A98F5785B3DE41C00FD17F8 /* [CP] Check Pods Manifest.lock */ = {
			isa = PBXShellScriptBuildPhase;
			buildActionMask = 2147483647;
			files = (
			);
			inputFileListPaths = (
			);
			inputPaths = (
				"${PODS_PODFILE_DIR_PATH}/Podfile.lock",
				"${PODS_ROOT}/Manifest.lock",
			);
			name = "[CP] Check Pods Manifest.lock";
			outputFileListPaths = (
			);
			outputPaths = (
				"$(DERIVED_FILE_DIR)/Pods-Moments-checkManifestLockResult.txt",
			);
			runOnlyForDeploymentPostprocessing = 0;
			shellPath = /bin/sh;
			shellScript = "diff \"${PODS_PODFILE_DIR_PATH}/Podfile.lock\" \"${PODS_ROOT}/Manifest.lock\" > /dev/null\nif [ $? != 0 ] ; then\n    # print error to STDERR\n    echo \"error: The sandbox is not in sync with the Podfile.lock. Run 'pod install' or update your CocoaPods installation.\" >&2\n    exit 1\nfi\n# This output is used by Xcode 'outputs' to avoid re-running this script phase.\necho \"SUCCESS\" > \"${SCRIPT_OUTPUT_FILE_0}\"\n";
			showEnvVarsInLog = 0;
		};
		3B076A0E294196B46F30F01C /* [CP] Embed Pods Frameworks */ = {
			isa = PBXShellScriptBuildPhase;
			buildActionMask = 2147483647;
			files = (
			);
			inputFileListPaths = (
				"${PODS_ROOT}/Target Support Files/Pods-Moments/Pods-Moments-frameworks-${CONFIGURATION}-input-files.xcfilelist",
			);
			name = "[CP] Embed Pods Frameworks";
			outputFileListPaths = (
				"${PODS_ROOT}/Target Support Files/Pods-Moments/Pods-Moments-frameworks-${CONFIGURATION}-output-files.xcfilelist",
			);
			runOnlyForDeploymentPostprocessing = 0;
			shellPath = /bin/sh;
			shellScript = "\"${PODS_ROOT}/Target Support Files/Pods-Moments/Pods-Moments-frameworks.sh\"\n";
			showEnvVarsInLog = 0;
		};
		A6732D7BCB099744C15FF4F7 /* [CP] Check Pods Manifest.lock */ = {
			isa = PBXShellScriptBuildPhase;
			buildActionMask = 2147483647;
			files = (
			);
			inputFileListPaths = (
			);
			inputPaths = (
				"${PODS_PODFILE_DIR_PATH}/Podfile.lock",
				"${PODS_ROOT}/Manifest.lock",
			);
			name = "[CP] Check Pods Manifest.lock";
			outputFileListPaths = (
			);
			outputPaths = (
				"$(DERIVED_FILE_DIR)/Pods-MomentsTests-checkManifestLockResult.txt",
			);
			runOnlyForDeploymentPostprocessing = 0;
			shellPath = /bin/sh;
			shellScript = "diff \"${PODS_PODFILE_DIR_PATH}/Podfile.lock\" \"${PODS_ROOT}/Manifest.lock\" > /dev/null\nif [ $? != 0 ] ; then\n    # print error to STDERR\n    echo \"error: The sandbox is not in sync with the Podfile.lock. Run 'pod install' or update your CocoaPods installation.\" >&2\n    exit 1\nfi\n# This output is used by Xcode 'outputs' to avoid re-running this script phase.\necho \"SUCCESS\" > \"${SCRIPT_OUTPUT_FILE_0}\"\n";
			showEnvVarsInLog = 0;
		};
		CED1BDAAFE61CC8268015525 /* [CP] Embed Pods Frameworks */ = {
			isa = PBXShellScriptBuildPhase;
			buildActionMask = 2147483647;
			files = (
			);
			inputFileListPaths = (
				"${PODS_ROOT}/Target Support Files/Pods-MomentsTests/Pods-MomentsTests-frameworks-${CONFIGURATION}-input-files.xcfilelist",
			);
			name = "[CP] Embed Pods Frameworks";
			outputFileListPaths = (
				"${PODS_ROOT}/Target Support Files/Pods-MomentsTests/Pods-MomentsTests-frameworks-${CONFIGURATION}-output-files.xcfilelist",
			);
			runOnlyForDeploymentPostprocessing = 0;
			shellPath = /bin/sh;
			shellScript = "\"${PODS_ROOT}/Target Support Files/Pods-MomentsTests/Pods-MomentsTests-frameworks.sh\"\n";
			showEnvVarsInLog = 0;
		};
/* End PBXShellScriptBuildPhase section */

/* Begin PBXSourcesBuildPhase section */
		7CABF87229DABB57003F5897 /* Sources */ = {
			isa = PBXSourcesBuildPhase;
			buildActionMask = 2147483647;
			files = (
				7CABF87E29DABB57003F5897 /* ViewController.swift in Sources */,
				7CABF87A29DABB57003F5897 /* AppDelegate.swift in Sources */,
				7CABF87C29DABB57003F5897 /* SceneDelegate.swift in Sources */,
			);
			runOnlyForDeploymentPostprocessing = 0;
		};
		7CABF88D29DAC177003F5897 /* Sources */ = {
			isa = PBXSourcesBuildPhase;
			buildActionMask = 2147483647;
			files = (
				7CABF89429DAC178003F5897 /* MomentsTests.swift in Sources */,
			);
			runOnlyForDeploymentPostprocessing = 0;
		};
/* End PBXSourcesBuildPhase section */

/* Begin PBXTargetDependency section */
		7CABF89629DAC178003F5897 /* PBXTargetDependency */ = {
			isa = PBXTargetDependency;
			target = 7CABF87529DABB57003F5897 /* Moments */;
			targetProxy = 7CABF89529DAC178003F5897 /* PBXContainerItemProxy */;
		};
/* End PBXTargetDependency section */

/* Begin PBXVariantGroup section */
		7CABF87F29DABB57003F5897 /* Main.storyboard */ = {
			isa = PBXVariantGroup;
			children = (
				7CABF88029DABB57003F5897 /* Base */,
			);
			name = Main.storyboard;
			sourceTree = "<group>";
		};
		7CABF88429DABB59003F5897 /* LaunchScreen.storyboard */ = {
			isa = PBXVariantGroup;
			children = (
				7CABF88529DABB59003F5897 /* Base */,
			);
			name = LaunchScreen.storyboard;
			sourceTree = "<group>";
		};
/* End PBXVariantGroup section */

/* Begin XCBuildConfiguration section */
		7C3B6D9629DC291D00B6A387 /* AppStore */ = {
			isa = XCBuildConfiguration;
			baseConfigurationReference = 7C3B6D8429DC1C9B00B6A387 /* AppStoreProject.xcconfig */;
			buildSettings = {
				ALWAYS_SEARCH_USER_PATHS = NO;
				CLANG_ANALYZER_NONNULL = YES;
				CLANG_ANALYZER_NUMBER_OBJECT_CONVERSION = YES_AGGRESSIVE;
				CLANG_CXX_LANGUAGE_STANDARD = "gnu++20";
				CLANG_ENABLE_MODULES = YES;
				CLANG_ENABLE_OBJC_ARC = YES;
				CLANG_ENABLE_OBJC_WEAK = YES;
				CLANG_WARN_BLOCK_CAPTURE_AUTORELEASING = YES;
				CLANG_WARN_BOOL_CONVERSION = YES;
				CLANG_WARN_COMMA = YES;
				CLANG_WARN_CONSTANT_CONVERSION = YES;
				CLANG_WARN_DEPRECATED_OBJC_IMPLEMENTATIONS = YES;
				CLANG_WARN_DIRECT_OBJC_ISA_USAGE = YES_ERROR;
				CLANG_WARN_DOCUMENTATION_COMMENTS = YES;
				CLANG_WARN_EMPTY_BODY = YES;
				CLANG_WARN_ENUM_CONVERSION = YES;
				CLANG_WARN_INFINITE_RECURSION = YES;
				CLANG_WARN_INT_CONVERSION = YES;
				CLANG_WARN_NON_LITERAL_NULL_CONVERSION = YES;
				CLANG_WARN_OBJC_IMPLICIT_RETAIN_SELF = YES;
				CLANG_WARN_OBJC_LITERAL_CONVERSION = YES;
				CLANG_WARN_OBJC_ROOT_CLASS = YES_ERROR;
				CLANG_WARN_QUOTED_INCLUDE_IN_FRAMEWORK_HEADER = YES;
				CLANG_WARN_RANGE_LOOP_ANALYSIS = YES;
				CLANG_WARN_STRICT_PROTOTYPES = YES;
				CLANG_WARN_SUSPICIOUS_MOVE = YES;
				CLANG_WARN_UNGUARDED_AVAILABILITY = YES_AGGRESSIVE;
				CLANG_WARN_UNREACHABLE_CODE = YES;
				CLANG_WARN__DUPLICATE_METHOD_MATCH = YES;
				COPY_PHASE_STRIP = NO;
				DEBUG_INFORMATION_FORMAT = dwarf;
				ENABLE_STRICT_OBJC_MSGSEND = YES;
				ENABLE_TESTABILITY = YES;
				GCC_C_LANGUAGE_STANDARD = gnu11;
				GCC_DYNAMIC_NO_PIC = NO;
				GCC_NO_COMMON_BLOCKS = YES;
				GCC_OPTIMIZATION_LEVEL = 0;
				GCC_PREPROCESSOR_DEFINITIONS = (
					"DEBUG=1",
					"$(inherited)",
				);
				GCC_WARN_64_TO_32_BIT_CONVERSION = YES;
				GCC_WARN_ABOUT_RETURN_TYPE = YES_ERROR;
				GCC_WARN_UNDECLARED_SELECTOR = YES;
				GCC_WARN_UNINITIALIZED_AUTOS = YES_AGGRESSIVE;
				GCC_WARN_UNUSED_FUNCTION = YES;
				GCC_WARN_UNUSED_VARIABLE = YES;
				IPHONEOS_DEPLOYMENT_TARGET = 16.2;
				MTL_ENABLE_DEBUG_INFO = INCLUDE_SOURCE;
				MTL_FAST_MATH = YES;
				ONLY_ACTIVE_ARCH = YES;
				SDKROOT = iphoneos;
				SWIFT_ACTIVE_COMPILATION_CONDITIONS = DEBUG;
				SWIFT_OPTIMIZATION_LEVEL = "-Onone";
			};
			name = AppStore;
		};
		7C3B6D9729DC291D00B6A387 /* AppStore */ = {
			isa = XCBuildConfiguration;
			baseConfigurationReference = 7C3B6D8529DC1CAC00B6A387 /* AppStoreTarget.xcconfig */;
			buildSettings = {
				ASSETCATALOG_COMPILER_APPICON_NAME = AppIcon;
				ASSETCATALOG_COMPILER_GLOBAL_ACCENT_COLOR_NAME = AccentColor;
				CODE_SIGN_STYLE = Automatic;
				CURRENT_PROJECT_VERSION = 1;
				DEVELOPMENT_TEAM = "";
				GENERATE_INFOPLIST_FILE = YES;
				INFOPLIST_FILE = Moments/Info.plist;
				INFOPLIST_KEY_UIApplicationSupportsIndirectInputEvents = YES;
				INFOPLIST_KEY_UILaunchStoryboardName = LaunchScreen;
				INFOPLIST_KEY_UIMainStoryboardFile = Main;
				INFOPLIST_KEY_UISupportedInterfaceOrientations = "UIInterfaceOrientationLandscapeRight UIInterfaceOrientationPortrait";
				INFOPLIST_KEY_UISupportedInterfaceOrientations_iPad = "UIInterfaceOrientationPortrait UIInterfaceOrientationPortraitUpsideDown";
				IPHONEOS_DEPLOYMENT_TARGET = "$(IPHONEOS_DEPLOYMENT_TARGET)";
				LD_RUNPATH_SEARCH_PATHS = (
					"$(inherited)",
					"@executable_path/Frameworks",
				);
				MARKETING_VERSION = 1.0;
				PRODUCT_NAME = "$(TARGET_NAME)";
				SUPPORTED_PLATFORMS = "iphoneos iphonesimulator";
				SUPPORTS_MACCATALYST = NO;
				SUPPORTS_MAC_DESIGNED_FOR_IPHONE_IPAD = YES;
				SWIFT_EMIT_LOC_STRINGS = YES;
				SWIFT_VERSION = 5.0;
				TARGETED_DEVICE_FAMILY = 1;
			};
			name = AppStore;
		};
		7C3B6D9829DC291D00B6A387 /* AppStore */ = {
			isa = XCBuildConfiguration;
			baseConfigurationReference = 960196AA69825F75C16FFCAD /* Pods-MomentsTests.appstore.xcconfig */;
			buildSettings = {
				BUNDLE_LOADER = "$(TEST_HOST)";
				CODE_SIGN_STYLE = Automatic;
				CURRENT_PROJECT_VERSION = 1;
				DEVELOPMENT_TEAM = 24YHS6RWKP;
				GENERATE_INFOPLIST_FILE = YES;
				MARKETING_VERSION = 1.0;
				PRODUCT_BUNDLE_IDENTIFIER = com.meitu.demo.MomentsTests;
				PRODUCT_NAME = "$(TARGET_NAME)";
				SWIFT_EMIT_LOC_STRINGS = NO;
				SWIFT_VERSION = 5.0;
				TARGETED_DEVICE_FAMILY = "1,2";
				TEST_HOST = "$(BUILT_PRODUCTS_DIR)/Moments.app/$(BUNDLE_EXECUTABLE_FOLDER_PATH)/Moments";
			};
			name = AppStore;
		};
		7C3B6D9C29DC299B00B6A387 /* Internal */ = {
			isa = XCBuildConfiguration;
			baseConfigurationReference = 7C3B6D8B29DC1D4B00B6A387 /* InternalProject.xcconfig */;
			buildSettings = {
				ALWAYS_SEARCH_USER_PATHS = NO;
				CLANG_ANALYZER_NONNULL = YES;
				CLANG_ANALYZER_NUMBER_OBJECT_CONVERSION = YES_AGGRESSIVE;
				CLANG_CXX_LANGUAGE_STANDARD = "gnu++20";
				CLANG_ENABLE_MODULES = YES;
				CLANG_ENABLE_OBJC_ARC = YES;
				CLANG_ENABLE_OBJC_WEAK = YES;
				CLANG_WARN_BLOCK_CAPTURE_AUTORELEASING = YES;
				CLANG_WARN_BOOL_CONVERSION = YES;
				CLANG_WARN_COMMA = YES;
				CLANG_WARN_CONSTANT_CONVERSION = YES;
				CLANG_WARN_DEPRECATED_OBJC_IMPLEMENTATIONS = YES;
				CLANG_WARN_DIRECT_OBJC_ISA_USAGE = YES_ERROR;
				CLANG_WARN_DOCUMENTATION_COMMENTS = YES;
				CLANG_WARN_EMPTY_BODY = YES;
				CLANG_WARN_ENUM_CONVERSION = YES;
				CLANG_WARN_INFINITE_RECURSION = YES;
				CLANG_WARN_INT_CONVERSION = YES;
				CLANG_WARN_NON_LITERAL_NULL_CONVERSION = YES;
				CLANG_WARN_OBJC_IMPLICIT_RETAIN_SELF = YES;
				CLANG_WARN_OBJC_LITERAL_CONVERSION = YES;
				CLANG_WARN_OBJC_ROOT_CLASS = YES_ERROR;
				CLANG_WARN_QUOTED_INCLUDE_IN_FRAMEWORK_HEADER = YES;
				CLANG_WARN_RANGE_LOOP_ANALYSIS = YES;
				CLANG_WARN_STRICT_PROTOTYPES = YES;
				CLANG_WARN_SUSPICIOUS_MOVE = YES;
				CLANG_WARN_UNGUARDED_AVAILABILITY = YES_AGGRESSIVE;
				CLANG_WARN_UNREACHABLE_CODE = YES;
				CLANG_WARN__DUPLICATE_METHOD_MATCH = YES;
				COPY_PHASE_STRIP = NO;
				DEBUG_INFORMATION_FORMAT = dwarf;
				ENABLE_STRICT_OBJC_MSGSEND = YES;
				ENABLE_TESTABILITY = YES;
				GCC_C_LANGUAGE_STANDARD = gnu11;
				GCC_DYNAMIC_NO_PIC = NO;
				GCC_NO_COMMON_BLOCKS = YES;
				GCC_OPTIMIZATION_LEVEL = 0;
				GCC_PREPROCESSOR_DEFINITIONS = (
					"DEBUG=1",
					"$(inherited)",
				);
				GCC_WARN_64_TO_32_BIT_CONVERSION = YES;
				GCC_WARN_ABOUT_RETURN_TYPE = YES_ERROR;
				GCC_WARN_UNDECLARED_SELECTOR = YES;
				GCC_WARN_UNINITIALIZED_AUTOS = YES_AGGRESSIVE;
				GCC_WARN_UNUSED_FUNCTION = YES;
				GCC_WARN_UNUSED_VARIABLE = YES;
				IPHONEOS_DEPLOYMENT_TARGET = 16.2;
				MTL_ENABLE_DEBUG_INFO = INCLUDE_SOURCE;
				MTL_FAST_MATH = YES;
				ONLY_ACTIVE_ARCH = YES;
				SDKROOT = iphoneos;
				SWIFT_ACTIVE_COMPILATION_CONDITIONS = DEBUG;
				SWIFT_OPTIMIZATION_LEVEL = "-Onone";
			};
			name = Internal;
		};
		7C3B6D9D29DC299B00B6A387 /* Internal */ = {
			isa = XCBuildConfiguration;
			baseConfigurationReference = 7C3B6D8C29DC1D5400B6A387 /* InternalTarget.xcconfig */;
			buildSettings = {
				ASSETCATALOG_COMPILER_APPICON_NAME = AppIcon;
				ASSETCATALOG_COMPILER_GLOBAL_ACCENT_COLOR_NAME = AccentColor;
				CODE_SIGN_STYLE = Automatic;
				CURRENT_PROJECT_VERSION = 1;
				DEVELOPMENT_TEAM = "";
				GENERATE_INFOPLIST_FILE = YES;
				INFOPLIST_FILE = Moments/Info.plist;
				INFOPLIST_KEY_UIApplicationSupportsIndirectInputEvents = YES;
				INFOPLIST_KEY_UILaunchStoryboardName = LaunchScreen;
				INFOPLIST_KEY_UIMainStoryboardFile = Main;
				INFOPLIST_KEY_UISupportedInterfaceOrientations = "UIInterfaceOrientationLandscapeRight UIInterfaceOrientationPortrait";
				INFOPLIST_KEY_UISupportedInterfaceOrientations_iPad = "UIInterfaceOrientationPortrait UIInterfaceOrientationPortraitUpsideDown";
				IPHONEOS_DEPLOYMENT_TARGET = "$(IPHONEOS_DEPLOYMENT_TARGET)";
				LD_RUNPATH_SEARCH_PATHS = (
					"$(inherited)",
					"@executable_path/Frameworks",
				);
				MARKETING_VERSION = 1.0;
				PRODUCT_BUNDLE_IDENTIFIER = .internal;
				PRODUCT_NAME = "$(TARGET_NAME)";
				SUPPORTED_PLATFORMS = "iphoneos iphonesimulator";
				SUPPORTS_MACCATALYST = NO;
				SUPPORTS_MAC_DESIGNED_FOR_IPHONE_IPAD = YES;
				SWIFT_EMIT_LOC_STRINGS = YES;
				SWIFT_VERSION = 5.0;
				TARGETED_DEVICE_FAMILY = 1;
			};
			name = Internal;
		};
		7C3B6D9E29DC299B00B6A387 /* Internal */ = {
			isa = XCBuildConfiguration;
			baseConfigurationReference = 2EA9D89CA7C197063000CD4D /* Pods-MomentsTests.internal.xcconfig */;
			buildSettings = {
				BUNDLE_LOADER = "$(TEST_HOST)";
				CODE_SIGN_STYLE = Automatic;
				CURRENT_PROJECT_VERSION = 1;
				DEVELOPMENT_TEAM = 24YHS6RWKP;
				GENERATE_INFOPLIST_FILE = YES;
				MARKETING_VERSION = 1.0;
				PRODUCT_BUNDLE_IDENTIFIER = com.meitu.demo.MomentsTests;
				PRODUCT_NAME = "$(TARGET_NAME)";
				SWIFT_EMIT_LOC_STRINGS = NO;
				SWIFT_VERSION = 5.0;
				TARGETED_DEVICE_FAMILY = "1,2";
				TEST_HOST = "$(BUILT_PRODUCTS_DIR)/Moments.app/$(BUNDLE_EXECUTABLE_FOLDER_PATH)/Moments";
			};
			name = Internal;
		};
		7C5725BF29DC536B00D860D5 /* Release */ = {
			isa = XCBuildConfiguration;
			buildSettings = {
				ALWAYS_SEARCH_USER_PATHS = NO;
				CLANG_ANALYZER_NONNULL = YES;
				CLANG_ANALYZER_NUMBER_OBJECT_CONVERSION = YES_AGGRESSIVE;
				CLANG_CXX_LANGUAGE_STANDARD = "gnu++20";
				CLANG_ENABLE_MODULES = YES;
				CLANG_ENABLE_OBJC_ARC = YES;
				CLANG_ENABLE_OBJC_WEAK = YES;
				CLANG_WARN_BLOCK_CAPTURE_AUTORELEASING = YES;
				CLANG_WARN_BOOL_CONVERSION = YES;
				CLANG_WARN_COMMA = YES;
				CLANG_WARN_CONSTANT_CONVERSION = YES;
				CLANG_WARN_DEPRECATED_OBJC_IMPLEMENTATIONS = YES;
				CLANG_WARN_DIRECT_OBJC_ISA_USAGE = YES_ERROR;
				CLANG_WARN_DOCUMENTATION_COMMENTS = YES;
				CLANG_WARN_EMPTY_BODY = YES;
				CLANG_WARN_ENUM_CONVERSION = YES;
				CLANG_WARN_INFINITE_RECURSION = YES;
				CLANG_WARN_INT_CONVERSION = YES;
				CLANG_WARN_NON_LITERAL_NULL_CONVERSION = YES;
				CLANG_WARN_OBJC_IMPLICIT_RETAIN_SELF = YES;
				CLANG_WARN_OBJC_LITERAL_CONVERSION = YES;
				CLANG_WARN_OBJC_ROOT_CLASS = YES_ERROR;
				CLANG_WARN_QUOTED_INCLUDE_IN_FRAMEWORK_HEADER = YES;
				CLANG_WARN_RANGE_LOOP_ANALYSIS = YES;
				CLANG_WARN_STRICT_PROTOTYPES = YES;
				CLANG_WARN_SUSPICIOUS_MOVE = YES;
				CLANG_WARN_UNGUARDED_AVAILABILITY = YES_AGGRESSIVE;
				CLANG_WARN_UNREACHABLE_CODE = YES;
				CLANG_WARN__DUPLICATE_METHOD_MATCH = YES;
				COPY_PHASE_STRIP = NO;
				DEBUG_INFORMATION_FORMAT = dwarf;
				ENABLE_STRICT_OBJC_MSGSEND = YES;
				ENABLE_TESTABILITY = YES;
				GCC_C_LANGUAGE_STANDARD = gnu11;
				GCC_DYNAMIC_NO_PIC = NO;
				GCC_NO_COMMON_BLOCKS = YES;
				GCC_OPTIMIZATION_LEVEL = 0;
				GCC_PREPROCESSOR_DEFINITIONS = (
					"DEBUG=1",
					"$(inherited)",
				);
				GCC_WARN_64_TO_32_BIT_CONVERSION = YES;
				GCC_WARN_ABOUT_RETURN_TYPE = YES_ERROR;
				GCC_WARN_UNDECLARED_SELECTOR = YES;
				GCC_WARN_UNINITIALIZED_AUTOS = YES_AGGRESSIVE;
				GCC_WARN_UNUSED_FUNCTION = YES;
				GCC_WARN_UNUSED_VARIABLE = YES;
				IPHONEOS_DEPLOYMENT_TARGET = 16.2;
				MTL_ENABLE_DEBUG_INFO = INCLUDE_SOURCE;
				MTL_FAST_MATH = YES;
				ONLY_ACTIVE_ARCH = YES;
				SDKROOT = iphoneos;
				SWIFT_ACTIVE_COMPILATION_CONDITIONS = DEBUG;
				SWIFT_OPTIMIZATION_LEVEL = "-Onone";
			};
			name = Release;
		};
		7C5725C029DC536B00D860D5 /* Release */ = {
			isa = XCBuildConfiguration;
			baseConfigurationReference = 82172A1771106AED93B9BFB9 /* Pods-Moments.release.xcconfig */;
			buildSettings = {
				ASSETCATALOG_COMPILER_APPICON_NAME = AppIcon;
				ASSETCATALOG_COMPILER_GLOBAL_ACCENT_COLOR_NAME = AccentColor;
				CODE_SIGN_STYLE = Automatic;
				CURRENT_PROJECT_VERSION = 1;
				DEVELOPMENT_TEAM = "";
				GENERATE_INFOPLIST_FILE = YES;
				INFOPLIST_FILE = Moments/Info.plist;
				INFOPLIST_KEY_UIApplicationSupportsIndirectInputEvents = YES;
				INFOPLIST_KEY_UILaunchStoryboardName = LaunchScreen;
				INFOPLIST_KEY_UIMainStoryboardFile = Main;
				INFOPLIST_KEY_UISupportedInterfaceOrientations = "UIInterfaceOrientationLandscapeRight UIInterfaceOrientationPortrait";
				INFOPLIST_KEY_UISupportedInterfaceOrientations_iPad = "UIInterfaceOrientationPortrait UIInterfaceOrientationPortraitUpsideDown";
				IPHONEOS_DEPLOYMENT_TARGET = "$(IPHONEOS_DEPLOYMENT_TARGET)";
				LD_RUNPATH_SEARCH_PATHS = (
					"$(inherited)",
					"@executable_path/Frameworks",
				);
				MARKETING_VERSION = 1.0;
				PRODUCT_BUNDLE_IDENTIFIER = .development;
				PRODUCT_NAME = "$(TARGET_NAME)";
				SUPPORTED_PLATFORMS = "iphoneos iphonesimulator";
				SUPPORTS_MACCATALYST = NO;
				SUPPORTS_MAC_DESIGNED_FOR_IPHONE_IPAD = YES;
				SWIFT_EMIT_LOC_STRINGS = YES;
				SWIFT_VERSION = 5.0;
				TARGETED_DEVICE_FAMILY = 1;
			};
			name = Release;
		};
		7C5725C129DC536B00D860D5 /* Release */ = {
			isa = XCBuildConfiguration;
			baseConfigurationReference = C9FA86611E73F85275794AA1 /* Pods-MomentsTests.release.xcconfig */;
			buildSettings = {
				BUNDLE_LOADER = "$(TEST_HOST)";
				CODE_SIGN_STYLE = Automatic;
				CURRENT_PROJECT_VERSION = 1;
				DEVELOPMENT_TEAM = 24YHS6RWKP;
				GENERATE_INFOPLIST_FILE = YES;
				MARKETING_VERSION = 1.0;
				PRODUCT_BUNDLE_IDENTIFIER = com.meitu.demo.MomentsTests;
				PRODUCT_NAME = "$(TARGET_NAME)";
				SWIFT_EMIT_LOC_STRINGS = NO;
				SWIFT_VERSION = 5.0;
				TARGETED_DEVICE_FAMILY = "1,2";
				TEST_HOST = "$(BUILT_PRODUCTS_DIR)/Moments.app/$(BUNDLE_EXECUTABLE_FOLDER_PATH)/Moments";
			};
			name = Release;
		};
		7CABF88829DABB59003F5897 /* Debug */ = {
			isa = XCBuildConfiguration;
			baseConfigurationReference = 7C3B6D8929DC1D3600B6A387 /* DebugProject.xcconfig */;
			buildSettings = {
				ALWAYS_SEARCH_USER_PATHS = NO;
				CLANG_ANALYZER_NONNULL = YES;
				CLANG_ANALYZER_NUMBER_OBJECT_CONVERSION = YES_AGGRESSIVE;
				CLANG_CXX_LANGUAGE_STANDARD = "gnu++20";
				CLANG_ENABLE_MODULES = YES;
				CLANG_ENABLE_OBJC_ARC = YES;
				CLANG_ENABLE_OBJC_WEAK = YES;
				CLANG_WARN_BLOCK_CAPTURE_AUTORELEASING = YES;
				CLANG_WARN_BOOL_CONVERSION = YES;
				CLANG_WARN_COMMA = YES;
				CLANG_WARN_CONSTANT_CONVERSION = YES;
				CLANG_WARN_DEPRECATED_OBJC_IMPLEMENTATIONS = YES;
				CLANG_WARN_DIRECT_OBJC_ISA_USAGE = YES_ERROR;
				CLANG_WARN_DOCUMENTATION_COMMENTS = YES;
				CLANG_WARN_EMPTY_BODY = YES;
				CLANG_WARN_ENUM_CONVERSION = YES;
				CLANG_WARN_INFINITE_RECURSION = YES;
				CLANG_WARN_INT_CONVERSION = YES;
				CLANG_WARN_NON_LITERAL_NULL_CONVERSION = YES;
				CLANG_WARN_OBJC_IMPLICIT_RETAIN_SELF = YES;
				CLANG_WARN_OBJC_LITERAL_CONVERSION = YES;
				CLANG_WARN_OBJC_ROOT_CLASS = YES_ERROR;
				CLANG_WARN_QUOTED_INCLUDE_IN_FRAMEWORK_HEADER = YES;
				CLANG_WARN_RANGE_LOOP_ANALYSIS = YES;
				CLANG_WARN_STRICT_PROTOTYPES = YES;
				CLANG_WARN_SUSPICIOUS_MOVE = YES;
				CLANG_WARN_UNGUARDED_AVAILABILITY = YES_AGGRESSIVE;
				CLANG_WARN_UNREACHABLE_CODE = YES;
				CLANG_WARN__DUPLICATE_METHOD_MATCH = YES;
				COPY_PHASE_STRIP = NO;
				DEBUG_INFORMATION_FORMAT = dwarf;
				ENABLE_STRICT_OBJC_MSGSEND = YES;
				ENABLE_TESTABILITY = YES;
				GCC_C_LANGUAGE_STANDARD = gnu11;
				GCC_DYNAMIC_NO_PIC = NO;
				GCC_NO_COMMON_BLOCKS = YES;
				GCC_OPTIMIZATION_LEVEL = 0;
				GCC_PREPROCESSOR_DEFINITIONS = (
					"DEBUG=1",
					"$(inherited)",
				);
				GCC_WARN_64_TO_32_BIT_CONVERSION = YES;
				GCC_WARN_ABOUT_RETURN_TYPE = YES_ERROR;
				GCC_WARN_UNDECLARED_SELECTOR = YES;
				GCC_WARN_UNINITIALIZED_AUTOS = YES_AGGRESSIVE;
				GCC_WARN_UNUSED_FUNCTION = YES;
				GCC_WARN_UNUSED_VARIABLE = YES;
				IPHONEOS_DEPLOYMENT_TARGET = 16.2;
				MTL_ENABLE_DEBUG_INFO = INCLUDE_SOURCE;
				MTL_FAST_MATH = YES;
				ONLY_ACTIVE_ARCH = YES;
				SDKROOT = iphoneos;
				SWIFT_ACTIVE_COMPILATION_CONDITIONS = DEBUG;
				SWIFT_OPTIMIZATION_LEVEL = "-Onone";
			};
			name = Debug;
		};
		7CABF88B29DABB59003F5897 /* Debug */ = {
			isa = XCBuildConfiguration;
			baseConfigurationReference = 7C3B6D8A29DC1D4200B6A387 /* DebugTarget.xcconfig */;
			buildSettings = {
				ASSETCATALOG_COMPILER_APPICON_NAME = AppIcon;
				ASSETCATALOG_COMPILER_GLOBAL_ACCENT_COLOR_NAME = AccentColor;
				CODE_SIGN_STYLE = Automatic;
				CURRENT_PROJECT_VERSION = 1;
				DEVELOPMENT_TEAM = "";
				GENERATE_INFOPLIST_FILE = YES;
				INFOPLIST_FILE = Moments/Info.plist;
				INFOPLIST_KEY_UIApplicationSupportsIndirectInputEvents = YES;
				INFOPLIST_KEY_UILaunchStoryboardName = LaunchScreen;
				INFOPLIST_KEY_UIMainStoryboardFile = Main;
				INFOPLIST_KEY_UISupportedInterfaceOrientations = "UIInterfaceOrientationLandscapeRight UIInterfaceOrientationPortrait";
				INFOPLIST_KEY_UISupportedInterfaceOrientations_iPad = "UIInterfaceOrientationPortrait UIInterfaceOrientationPortraitUpsideDown";
				IPHONEOS_DEPLOYMENT_TARGET = "$(IPHONEOS_DEPLOYMENT_TARGET)";
				LD_RUNPATH_SEARCH_PATHS = (
					"$(inherited)",
					"@executable_path/Frameworks",
				);
				MARKETING_VERSION = 1.0;
				PRODUCT_BUNDLE_IDENTIFIER = .development;
				PRODUCT_NAME = "$(TARGET_NAME)";
				SUPPORTED_PLATFORMS = "iphoneos iphonesimulator";
				SUPPORTS_MACCATALYST = NO;
				SUPPORTS_MAC_DESIGNED_FOR_IPHONE_IPAD = YES;
				SWIFT_EMIT_LOC_STRINGS = YES;
				SWIFT_VERSION = 5.0;
				TARGETED_DEVICE_FAMILY = 1;
			};
			name = Debug;
		};
		7CABF89729DAC178003F5897 /* Debug */ = {
			isa = XCBuildConfiguration;
			baseConfigurationReference = 8844A075FFF3B8B3C58DC2D1 /* Pods-MomentsTests.debug.xcconfig */;
			buildSettings = {
				BUNDLE_LOADER = "$(TEST_HOST)";
				CODE_SIGN_STYLE = Automatic;
				CURRENT_PROJECT_VERSION = 1;
				DEVELOPMENT_TEAM = 24YHS6RWKP;
				GENERATE_INFOPLIST_FILE = YES;
				MARKETING_VERSION = 1.0;
				PRODUCT_BUNDLE_IDENTIFIER = com.meitu.demo.MomentsTests;
				PRODUCT_NAME = "$(TARGET_NAME)";
				SWIFT_EMIT_LOC_STRINGS = NO;
				SWIFT_VERSION = 5.0;
				TARGETED_DEVICE_FAMILY = "1,2";
				TEST_HOST = "$(BUILT_PRODUCTS_DIR)/Moments.app/$(BUNDLE_EXECUTABLE_FOLDER_PATH)/Moments";
			};
			name = Debug;
		};
/* End XCBuildConfiguration section */

/* Begin XCConfigurationList section */
		7CABF87129DABB57003F5897 /* Build configuration list for PBXProject "Moments" */ = {
			isa = XCConfigurationList;
			buildConfigurations = (
				7CABF88829DABB59003F5897 /* Debug */,
				7C5725BF29DC536B00D860D5 /* Release */,
				7C3B6D9629DC291D00B6A387 /* AppStore */,
				7C3B6D9C29DC299B00B6A387 /* Internal */,
			);
			defaultConfigurationIsVisible = 0;
			defaultConfigurationName = Debug;
		};
		7CABF88A29DABB59003F5897 /* Build configuration list for PBXNativeTarget "Moments" */ = {
			isa = XCConfigurationList;
			buildConfigurations = (
				7CABF88B29DABB59003F5897 /* Debug */,
				7C5725C029DC536B00D860D5 /* Release */,
				7C3B6D9729DC291D00B6A387 /* AppStore */,
				7C3B6D9D29DC299B00B6A387 /* Internal */,
			);
			defaultConfigurationIsVisible = 0;
			defaultConfigurationName = Debug;
		};
		7CABF89929DAC178003F5897 /* Build configuration list for PBXNativeTarget "MomentsTests" */ = {
			isa = XCConfigurationList;
			buildConfigurations = (
				7CABF89729DAC178003F5897 /* Debug */,
				7C5725C129DC536B00D860D5 /* Release */,
				7C3B6D9829DC291D00B6A387 /* AppStore */,
				7C3B6D9E29DC299B00B6A387 /* Internal */,
			);
			defaultConfigurationIsVisible = 0;
			defaultConfigurationName = Debug;
		};
/* End XCConfigurationList section */
	};
	rootObject = 7CABF86E29DABB57003F5897 /* Project object */;
}
