// !$*UTF8*$!
{
	archiveVersion = 1;
	classes = {
	};
	objectVersion = 56;
	objects = {

/* Begin PBXBuildFile section */
		0AA7F344F942AA90863314F7 /* Pods_Moments.framework in Frameworks */ = {isa = PBXBuildFile; fileRef = 45D8C4D94AE7AF170C4F4E8A /* Pods_Moments.framework */; };
		7C5725CE29DC563900D860D5 /* CompilerAndLanguage.xcconfig in Resources */ = {isa = PBXBuildFile; fileRef = 7C5725C429DC563900D860D5 /* CompilerAndLanguage.xcconfig */; };
		7C5725CF29DC563900D860D5 /* AppStoreProject.xcconfig in Resources */ = {isa = PBXBuildFile; fileRef = 7C5725C529DC563900D860D5 /* AppStoreProject.xcconfig */; };
		7C5725D029DC563900D860D5 /* BaseProject.xcconfig in Resources */ = {isa = PBXBuildFile; fileRef = 7C5725C629DC563900D860D5 /* BaseProject.xcconfig */; };
		7C5725D229DC563900D860D5 /* InternalProject.xcconfig in Resources */ = {isa = PBXBuildFile; fileRef = 7C5725C829DC563900D860D5 /* InternalProject.xcconfig */; };
		7C5725D329DC563900D860D5 /* SDKAndDeviceSupport.xcconfig in Resources */ = {isa = PBXBuildFile; fileRef = 7C5725C929DC563900D860D5 /* SDKAndDeviceSupport.xcconfig */; };
		7C5725D429DC563900D860D5 /* DebugProject.xcconfig in Resources */ = {isa = PBXBuildFile; fileRef = 7C5725CA29DC563900D860D5 /* DebugProject.xcconfig */; };
		7C5725DB29DC5D4100D860D5 /* README.md in Resources */ = {isa = PBXBuildFile; fileRef = 7C5725DA29DC5D4100D860D5 /* README.md */; };
		7C5725E029DC640A00D860D5 /* DebugTarget.xcconfig in Resources */ = {isa = PBXBuildFile; fileRef = 7C5725DC29DC640A00D860D5 /* DebugTarget.xcconfig */; };
		7C5725E129DC640A00D860D5 /* AppStoreTarget.xcconfig in Resources */ = {isa = PBXBuildFile; fileRef = 7C5725DD29DC640A00D860D5 /* AppStoreTarget.xcconfig */; };
		7C5725E229DC640A00D860D5 /* BaseTarget.xcconfig in Resources */ = {isa = PBXBuildFile; fileRef = 7C5725DE29DC640A00D860D5 /* BaseTarget.xcconfig */; };
		7C5725E329DC640A00D860D5 /* InternalTarget.xcconfig in Resources */ = {isa = PBXBuildFile; fileRef = 7C5725DF29DC640A00D860D5 /* InternalTarget.xcconfig */; };
		7C5A79A529E4449700069192 /* DesignKitDemoViewController.swift in Sources */ = {isa = PBXBuildFile; fileRef = 7C5A79A429E4449700069192 /* DesignKitDemoViewController.swift */; };
		7CABF87A29DABB57003F5897 /* AppDelegate.swift in Sources */ = {isa = PBXBuildFile; fileRef = 7CABF87929DABB57003F5897 /* AppDelegate.swift */; };
		7CABF87C29DABB57003F5897 /* SceneDelegate.swift in Sources */ = {isa = PBXBuildFile; fileRef = 7CABF87B29DABB57003F5897 /* SceneDelegate.swift */; };
		7CABF87E29DABB57003F5897 /* ViewController.swift in Sources */ = {isa = PBXBuildFile; fileRef = 7CABF87D29DABB57003F5897 /* ViewController.swift */; };
		7CABF88129DABB57003F5897 /* Main.storyboard in Resources */ = {isa = PBXBuildFile; fileRef = 7CABF87F29DABB57003F5897 /* Main.storyboard */; };
		7CABF88329DABB59003F5897 /* Assets.xcassets in Resources */ = {isa = PBXBuildFile; fileRef = 7CABF88229DABB59003F5897 /* Assets.xcassets */; };
		7CABF88629DABB59003F5897 /* LaunchScreen.storyboard in Resources */ = {isa = PBXBuildFile; fileRef = 7CABF88429DABB59003F5897 /* LaunchScreen.storyboard */; };
		7CABF89429DAC178003F5897 /* MomentsTests.swift in Sources */ = {isa = PBXBuildFile; fileRef = 7CABF89329DAC178003F5897 /* MomentsTests.swift */; };
		7CB1DC7429DF11B0006E05C8 /* InternalMenuActionTriggerItemViewModel.swift in Sources */ = {isa = PBXBuildFile; fileRef = 7CB1DC7329DF11B0006E05C8 /* InternalMenuActionTriggerItemViewModel.swift */; };
		7CB1DC7829DF1446006E05C8 /* InternalMenuActionTriggerCell.swift in Sources */ = {isa = PBXBuildFile; fileRef = 7CB1DC7729DF1446006E05C8 /* InternalMenuActionTriggerCell.swift */; };
		7CB1DC7A29DF152B006E05C8 /* DesignKitDemoItemViewModel.swift in Sources */ = {isa = PBXBuildFile; fileRef = 7CB1DC7929DF152B006E05C8 /* DesignKitDemoItemViewModel.swift */; };
		7CCCCB0C29DD4E66002C8C06 /* Functions.swift in Sources */ = {isa = PBXBuildFile; fileRef = 7CCCCB0B29DD4E66002C8C06 /* Functions.swift */; };
		7CCCCB0F29DD50FC002C8C06 /* BaseViewController.swift in Sources */ = {isa = PBXBuildFile; fileRef = 7CCCCB0E29DD50FC002C8C06 /* BaseViewController.swift */; };
		7CCCCB1229DD51DE002C8C06 /* AppRouter.swift in Sources */ = {isa = PBXBuildFile; fileRef = 7CCCCB1129DD51DE002C8C06 /* AppRouter.swift */; };
		7CCCCB1829DD536C002C8C06 /* InternalMenuViewController.swift in Sources */ = {isa = PBXBuildFile; fileRef = 7CCCCB1729DD536C002C8C06 /* InternalMenuViewController.swift */; };
		7CCCCB1A29DD53AD002C8C06 /* InternalMenuViewModel.swift in Sources */ = {isa = PBXBuildFile; fileRef = 7CCCCB1929DD53AD002C8C06 /* InternalMenuViewModel.swift */; };
		7CCCCB1C29DD53FC002C8C06 /* InternalMenuSection.swift in Sources */ = {isa = PBXBuildFile; fileRef = 7CCCCB1B29DD53FC002C8C06 /* InternalMenuSection.swift */; };
		7CCCCB1E29DD546B002C8C06 /* InternalMenuItemViewModel.swift in Sources */ = {isa = PBXBuildFile; fileRef = 7CCCCB1D29DD546B002C8C06 /* InternalMenuItemViewModel.swift */; };
		7CCCCB2029DD55F4002C8C06 /* InternalMenuDescriptionItemViewModel.swift in Sources */ = {isa = PBXBuildFile; fileRef = 7CCCCB1F29DD55F4002C8C06 /* InternalMenuDescriptionItemViewModel.swift */; };
		7CCCCB2229DD589A002C8C06 /* InternalMenuCell.swift in Sources */ = {isa = PBXBuildFile; fileRef = 7CCCCB2129DD589A002C8C06 /* InternalMenuCell.swift */; };
		7CCCCB2429DD58B4002C8C06 /* InternalMenuDescriptionCell.swift in Sources */ = {isa = PBXBuildFile; fileRef = 7CCCCB2329DD58B4002C8C06 /* InternalMenuDescriptionCell.swift */; };
		7CE951BD29DDAB0A00D03B6A /* UIApplicationExtension.swift in Sources */ = {isa = PBXBuildFile; fileRef = 7CE951BC29DDAB0A00D03B6A /* UIApplicationExtension.swift */; };
		7CE951C529DDB99200D03B6A /* InternalMenuRouter.swift in Sources */ = {isa = PBXBuildFile; fileRef = 7CE951C429DDB99200D03B6A /* InternalMenuRouter.swift */; };
		E433597EEFC1A5CAC278303C /* Pods_MomentsTests.framework in Frameworks */ = {isa = PBXBuildFile; fileRef = F19C675D284A9A0E1BC515D2 /* Pods_MomentsTests.framework */; };
/* End PBXBuildFile section */

/* Begin PBXContainerItemProxy section */
		7CABF89529DAC178003F5897 /* PBXContainerItemProxy */ = {
			isa = PBXContainerItemProxy;
			containerPortal = 7CABF86E29DABB57003F5897 /* Project object */;
			proxyType = 1;
			remoteGlobalIDString = 7CABF87529DABB57003F5897;
			remoteInfo = Moments;
		};
/* End PBXContainerItemProxy section */

/* Begin PBXFileReference section */
		13984D2C669014B24A2360B4 /* Pods-Moments.internal.xcconfig */ = {isa = PBXFileReference; includeInIndex = 1; lastKnownFileType = text.xcconfig; name = "Pods-Moments.internal.xcconfig"; path = "Target Support Files/Pods-Moments/Pods-Moments.internal.xcconfig"; sourceTree = "<group>"; };
		2EFAACDCE40A31BC87AC6C0A /* Pods-MomentsTests.internal.xcconfig */ = {isa = PBXFileReference; includeInIndex = 1; lastKnownFileType = text.xcconfig; name = "Pods-MomentsTests.internal.xcconfig"; path = "Target Support Files/Pods-MomentsTests/Pods-MomentsTests.internal.xcconfig"; sourceTree = "<group>"; };
		3777E299E5A4A25EF2AA8AEB /* Pods-Moments.debug.xcconfig */ = {isa = PBXFileReference; includeInIndex = 1; lastKnownFileType = text.xcconfig; name = "Pods-Moments.debug.xcconfig"; path = "Target Support Files/Pods-Moments/Pods-Moments.debug.xcconfig"; sourceTree = "<group>"; };
		42BE1CD5BC139FC654F29E68 /* Pods-Moments.release.xcconfig */ = {isa = PBXFileReference; includeInIndex = 1; lastKnownFileType = text.xcconfig; name = "Pods-Moments.release.xcconfig"; path = "Target Support Files/Pods-Moments/Pods-Moments.release.xcconfig"; sourceTree = "<group>"; };
		45D8C4D94AE7AF170C4F4E8A /* Pods_Moments.framework */ = {isa = PBXFileReference; explicitFileType = wrapper.framework; includeInIndex = 0; path = Pods_Moments.framework; sourceTree = BUILT_PRODUCTS_DIR; };
		48C749CCD4F825F8EDC60FFF /* Pods-MomentsTests.appstore.xcconfig */ = {isa = PBXFileReference; includeInIndex = 1; lastKnownFileType = text.xcconfig; name = "Pods-MomentsTests.appstore.xcconfig"; path = "Target Support Files/Pods-MomentsTests/Pods-MomentsTests.appstore.xcconfig"; sourceTree = "<group>"; };
		6E025B35C03C0142B81797A4 /* Pods-MomentsTests.release.xcconfig */ = {isa = PBXFileReference; includeInIndex = 1; lastKnownFileType = text.xcconfig; name = "Pods-MomentsTests.release.xcconfig"; path = "Target Support Files/Pods-MomentsTests/Pods-MomentsTests.release.xcconfig"; sourceTree = "<group>"; };
		7C5725C429DC563900D860D5 /* CompilerAndLanguage.xcconfig */ = {isa = PBXFileReference; fileEncoding = 4; lastKnownFileType = text.xcconfig; path = CompilerAndLanguage.xcconfig; sourceTree = "<group>"; };
		7C5725C529DC563900D860D5 /* AppStoreProject.xcconfig */ = {isa = PBXFileReference; fileEncoding = 4; lastKnownFileType = text.xcconfig; path = AppStoreProject.xcconfig; sourceTree = "<group>"; };
		7C5725C629DC563900D860D5 /* BaseProject.xcconfig */ = {isa = PBXFileReference; fileEncoding = 4; lastKnownFileType = text.xcconfig; path = BaseProject.xcconfig; sourceTree = "<group>"; };
		7C5725C829DC563900D860D5 /* InternalProject.xcconfig */ = {isa = PBXFileReference; fileEncoding = 4; lastKnownFileType = text.xcconfig; path = InternalProject.xcconfig; sourceTree = "<group>"; };
		7C5725C929DC563900D860D5 /* SDKAndDeviceSupport.xcconfig */ = {isa = PBXFileReference; fileEncoding = 4; lastKnownFileType = text.xcconfig; path = SDKAndDeviceSupport.xcconfig; sourceTree = "<group>"; };
		7C5725CA29DC563900D860D5 /* DebugProject.xcconfig */ = {isa = PBXFileReference; fileEncoding = 4; lastKnownFileType = text.xcconfig; path = DebugProject.xcconfig; sourceTree = "<group>"; };
		7C5725DA29DC5D4100D860D5 /* README.md */ = {isa = PBXFileReference; fileEncoding = 4; lastKnownFileType = net.daringfireball.markdown; name = README.md; path = ../../README.md; sourceTree = "<group>"; };
		7C5725DC29DC640A00D860D5 /* DebugTarget.xcconfig */ = {isa = PBXFileReference; fileEncoding = 4; lastKnownFileType = text.xcconfig; path = DebugTarget.xcconfig; sourceTree = "<group>"; };
		7C5725DD29DC640A00D860D5 /* AppStoreTarget.xcconfig */ = {isa = PBXFileReference; fileEncoding = 4; lastKnownFileType = text.xcconfig; path = AppStoreTarget.xcconfig; sourceTree = "<group>"; };
		7C5725DE29DC640A00D860D5 /* BaseTarget.xcconfig */ = {isa = PBXFileReference; fileEncoding = 4; lastKnownFileType = text.xcconfig; path = BaseTarget.xcconfig; sourceTree = "<group>"; };
		7C5725DF29DC640A00D860D5 /* InternalTarget.xcconfig */ = {isa = PBXFileReference; fileEncoding = 4; lastKnownFileType = text.xcconfig; path = InternalTarget.xcconfig; sourceTree = "<group>"; };
		7C5A79A429E4449700069192 /* DesignKitDemoViewController.swift */ = {isa = PBXFileReference; lastKnownFileType = sourcecode.swift; path = DesignKitDemoViewController.swift; sourceTree = "<group>"; };
		7CABF87629DABB57003F5897 /* Moments.app */ = {isa = PBXFileReference; explicitFileType = wrapper.application; includeInIndex = 0; path = Moments.app; sourceTree = BUILT_PRODUCTS_DIR; };
		7CABF87929DABB57003F5897 /* AppDelegate.swift */ = {isa = PBXFileReference; lastKnownFileType = sourcecode.swift; path = AppDelegate.swift; sourceTree = "<group>"; };
		7CABF87B29DABB57003F5897 /* SceneDelegate.swift */ = {isa = PBXFileReference; lastKnownFileType = sourcecode.swift; path = SceneDelegate.swift; sourceTree = "<group>"; };
		7CABF87D29DABB57003F5897 /* ViewController.swift */ = {isa = PBXFileReference; lastKnownFileType = sourcecode.swift; path = ViewController.swift; sourceTree = "<group>"; };
		7CABF88029DABB57003F5897 /* Base */ = {isa = PBXFileReference; lastKnownFileType = file.storyboard; name = Base; path = Base.lproj/Main.storyboard; sourceTree = "<group>"; };
		7CABF88229DABB59003F5897 /* Assets.xcassets */ = {isa = PBXFileReference; lastKnownFileType = folder.assetcatalog; path = Assets.xcassets; sourceTree = "<group>"; };
		7CABF88529DABB59003F5897 /* Base */ = {isa = PBXFileReference; lastKnownFileType = file.storyboard; name = Base; path = Base.lproj/LaunchScreen.storyboard; sourceTree = "<group>"; };
		7CABF88729DABB59003F5897 /* Info.plist */ = {isa = PBXFileReference; lastKnownFileType = text.plist.xml; path = Info.plist; sourceTree = "<group>"; };
		7CABF89129DAC177003F5897 /* MomentsTests.xctest */ = {isa = PBXFileReference; explicitFileType = wrapper.cfbundle; includeInIndex = 0; path = MomentsTests.xctest; sourceTree = BUILT_PRODUCTS_DIR; };
		7CABF89329DAC178003F5897 /* MomentsTests.swift */ = {isa = PBXFileReference; lastKnownFileType = sourcecode.swift; path = MomentsTests.swift; sourceTree = "<group>"; };
		7CB1DC7329DF11B0006E05C8 /* InternalMenuActionTriggerItemViewModel.swift */ = {isa = PBXFileReference; lastKnownFileType = sourcecode.swift; path = InternalMenuActionTriggerItemViewModel.swift; sourceTree = "<group>"; };
		7CB1DC7729DF1446006E05C8 /* InternalMenuActionTriggerCell.swift */ = {isa = PBXFileReference; lastKnownFileType = sourcecode.swift; path = InternalMenuActionTriggerCell.swift; sourceTree = "<group>"; };
		7CB1DC7929DF152B006E05C8 /* DesignKitDemoItemViewModel.swift */ = {isa = PBXFileReference; lastKnownFileType = sourcecode.swift; path = DesignKitDemoItemViewModel.swift; sourceTree = "<group>"; };
		7CCCCB0B29DD4E66002C8C06 /* Functions.swift */ = {isa = PBXFileReference; lastKnownFileType = sourcecode.swift; path = Functions.swift; sourceTree = "<group>"; };
		7CCCCB0E29DD50FC002C8C06 /* BaseViewController.swift */ = {isa = PBXFileReference; lastKnownFileType = sourcecode.swift; path = BaseViewController.swift; sourceTree = "<group>"; };
		7CCCCB1129DD51DE002C8C06 /* AppRouter.swift */ = {isa = PBXFileReference; lastKnownFileType = sourcecode.swift; path = AppRouter.swift; sourceTree = "<group>"; };
		7CCCCB1729DD536C002C8C06 /* InternalMenuViewController.swift */ = {isa = PBXFileReference; lastKnownFileType = sourcecode.swift; path = InternalMenuViewController.swift; sourceTree = "<group>"; };
		7CCCCB1929DD53AD002C8C06 /* InternalMenuViewModel.swift */ = {isa = PBXFileReference; lastKnownFileType = sourcecode.swift; path = InternalMenuViewModel.swift; sourceTree = "<group>"; };
		7CCCCB1B29DD53FC002C8C06 /* InternalMenuSection.swift */ = {isa = PBXFileReference; lastKnownFileType = sourcecode.swift; path = InternalMenuSection.swift; sourceTree = "<group>"; };
		7CCCCB1D29DD546B002C8C06 /* InternalMenuItemViewModel.swift */ = {isa = PBXFileReference; lastKnownFileType = sourcecode.swift; path = InternalMenuItemViewModel.swift; sourceTree = "<group>"; };
		7CCCCB1F29DD55F4002C8C06 /* InternalMenuDescriptionItemViewModel.swift */ = {isa = PBXFileReference; lastKnownFileType = sourcecode.swift; path = InternalMenuDescriptionItemViewModel.swift; sourceTree = "<group>"; };
		7CCCCB2129DD589A002C8C06 /* InternalMenuCell.swift */ = {isa = PBXFileReference; lastKnownFileType = sourcecode.swift; path = InternalMenuCell.swift; sourceTree = "<group>"; };
		7CCCCB2329DD58B4002C8C06 /* InternalMenuDescriptionCell.swift */ = {isa = PBXFileReference; lastKnownFileType = sourcecode.swift; path = InternalMenuDescriptionCell.swift; sourceTree = "<group>"; };
		7CE951BC29DDAB0A00D03B6A /* UIApplicationExtension.swift */ = {isa = PBXFileReference; lastKnownFileType = sourcecode.swift; path = UIApplicationExtension.swift; sourceTree = "<group>"; };
		7CE951C429DDB99200D03B6A /* InternalMenuRouter.swift */ = {isa = PBXFileReference; lastKnownFileType = sourcecode.swift; path = InternalMenuRouter.swift; sourceTree = "<group>"; };
		B46856CDF0BC96B22E1E3398 /* Pods-MomentsTests.debug.xcconfig */ = {isa = PBXFileReference; includeInIndex = 1; lastKnownFileType = text.xcconfig; name = "Pods-MomentsTests.debug.xcconfig"; path = "Target Support Files/Pods-MomentsTests/Pods-MomentsTests.debug.xcconfig"; sourceTree = "<group>"; };
		D490A2BD0284987E67598090 /* Pods-Moments.appstore.xcconfig */ = {isa = PBXFileReference; includeInIndex = 1; lastKnownFileType = text.xcconfig; name = "Pods-Moments.appstore.xcconfig"; path = "Target Support Files/Pods-Moments/Pods-Moments.appstore.xcconfig"; sourceTree = "<group>"; };
		F19C675D284A9A0E1BC515D2 /* Pods_MomentsTests.framework */ = {isa = PBXFileReference; explicitFileType = wrapper.framework; includeInIndex = 0; path = Pods_MomentsTests.framework; sourceTree = BUILT_PRODUCTS_DIR; };
/* End PBXFileReference section */

/* Begin PBXFrameworksBuildPhase section */
		7CABF87329DABB57003F5897 /* Frameworks */ = {
			isa = PBXFrameworksBuildPhase;
			buildActionMask = 2147483647;
			files = (
				0AA7F344F942AA90863314F7 /* Pods_Moments.framework in Frameworks */,
			);
			runOnlyForDeploymentPostprocessing = 0;
		};
		7CABF88E29DAC177003F5897 /* Frameworks */ = {
			isa = PBXFrameworksBuildPhase;
			buildActionMask = 2147483647;
			files = (
				E433597EEFC1A5CAC278303C /* Pods_MomentsTests.framework in Frameworks */,
			);
			runOnlyForDeploymentPostprocessing = 0;
		};
/* End PBXFrameworksBuildPhase section */

/* Begin PBXGroup section */
		13112CEA72CEFAE41988A173 /* Frameworks */ = {
			isa = PBXGroup;
			children = (
				45D8C4D94AE7AF170C4F4E8A /* Pods_Moments.framework */,
				F19C675D284A9A0E1BC515D2 /* Pods_MomentsTests.framework */,
			);
			name = Frameworks;
			sourceTree = "<group>";
		};
		17BD22510A87EFA821208222 /* Pods */ = {
			isa = PBXGroup;
			children = (
				D490A2BD0284987E67598090 /* Pods-Moments.appstore.xcconfig */,
				3777E299E5A4A25EF2AA8AEB /* Pods-Moments.debug.xcconfig */,
				13984D2C669014B24A2360B4 /* Pods-Moments.internal.xcconfig */,
				42BE1CD5BC139FC654F29E68 /* Pods-Moments.release.xcconfig */,
				48C749CCD4F825F8EDC60FFF /* Pods-MomentsTests.appstore.xcconfig */,
				B46856CDF0BC96B22E1E3398 /* Pods-MomentsTests.debug.xcconfig */,
				2EFAACDCE40A31BC87AC6C0A /* Pods-MomentsTests.internal.xcconfig */,
				6E025B35C03C0142B81797A4 /* Pods-MomentsTests.release.xcconfig */,
			);
			name = Pods;
			path = ../Pods;
			sourceTree = "<group>";
		};
		7C3B6D8329DC1C0A00B6A387 /* Configurations */ = {
			isa = PBXGroup;
			children = (
				7C5725D829DC56E600D860D5 /* Project */,
				7C5725D729DC56C000D860D5 /* Shared */,
				7C5725D929DC56EF00D860D5 /* Target */,
			);
			path = Configurations;
			sourceTree = "<group>";
		};
		7C5725D729DC56C000D860D5 /* Shared */ = {
			isa = PBXGroup;
			children = (
				7C5725C429DC563900D860D5 /* CompilerAndLanguage.xcconfig */,
				7C5725C929DC563900D860D5 /* SDKAndDeviceSupport.xcconfig */,
			);
			name = Shared;
			sourceTree = "<group>";
		};
		7C5725D829DC56E600D860D5 /* Project */ = {
			isa = PBXGroup;
			children = (
				7C5725C529DC563900D860D5 /* AppStoreProject.xcconfig */,
				7C5725C629DC563900D860D5 /* BaseProject.xcconfig */,
				7C5725CA29DC563900D860D5 /* DebugProject.xcconfig */,
				7C5725C829DC563900D860D5 /* InternalProject.xcconfig */,
			);
			name = Project;
			sourceTree = "<group>";
		};
		7C5725D929DC56EF00D860D5 /* Target */ = {
			isa = PBXGroup;
			children = (
				7C5725DD29DC640A00D860D5 /* AppStoreTarget.xcconfig */,
				7C5725DE29DC640A00D860D5 /* BaseTarget.xcconfig */,
				7C5725DC29DC640A00D860D5 /* DebugTarget.xcconfig */,
				7C5725DF29DC640A00D860D5 /* InternalTarget.xcconfig */,
			);
			name = Target;
			sourceTree = "<group>";
		};
		7CABF86D29DABB57003F5897 = {
			isa = PBXGroup;
			children = (
				7CABF87829DABB57003F5897 /* Moments */,
				7CABF89229DAC178003F5897 /* MomentsTests */,
				7CABF87729DABB57003F5897 /* Products */,
				13112CEA72CEFAE41988A173 /* Frameworks */,
				17BD22510A87EFA821208222 /* Pods */,
			);
			sourceTree = "<group>";
		};
		7CABF87729DABB57003F5897 /* Products */ = {
			isa = PBXGroup;
			children = (
				7CABF87629DABB57003F5897 /* Moments.app */,
				7CABF89129DAC177003F5897 /* MomentsTests.xctest */,
			);
			name = Products;
			sourceTree = "<group>";
		};
		7CABF87829DABB57003F5897 /* Moments */ = {
			isa = PBXGroup;
			children = (
				7C3B6D8329DC1C0A00B6A387 /* Configurations */,
				7CCCCB1329DD531D002C8C06 /* Features */,
				7CCCCB0929DD4E4C002C8C06 /* Foundations */,
				7CABF87929DABB57003F5897 /* AppDelegate.swift */,
				7CABF88229DABB59003F5897 /* Assets.xcassets */,
				7CABF88729DABB59003F5897 /* Info.plist */,
				7CABF88429DABB59003F5897 /* LaunchScreen.storyboard */,
				7CABF87F29DABB57003F5897 /* Main.storyboard */,
				7C5725DA29DC5D4100D860D5 /* README.md */,
				7CABF87B29DABB57003F5897 /* SceneDelegate.swift */,
				7CABF87D29DABB57003F5897 /* ViewController.swift */,
			);
			path = Moments;
			sourceTree = "<group>";
		};
		7CABF89229DAC178003F5897 /* MomentsTests */ = {
			isa = PBXGroup;
			children = (
				7CABF89329DAC178003F5897 /* MomentsTests.swift */,
			);
			path = MomentsTests;
			sourceTree = "<group>";
		};
		7CCCCB0929DD4E4C002C8C06 /* Foundations */ = {
			isa = PBXGroup;
			children = (
				7CE951BB29DDAAEB00D03B6A /* Extensions */,
				7CCCCB1029DD51C8002C8C06 /* Routing */,
				7CCCCB0A29DD4E54002C8C06 /* Utilities */,
				7CCCCB0D29DD50E7002C8C06 /* Views */,
			);
			path = Foundations;
			sourceTree = "<group>";
		};
		7CCCCB0A29DD4E54002C8C06 /* Utilities */ = {
			isa = PBXGroup;
			children = (
				7CCCCB0B29DD4E66002C8C06 /* Functions.swift */,
			);
			path = Utilities;
			sourceTree = "<group>";
		};
		7CCCCB0D29DD50E7002C8C06 /* Views */ = {
			isa = PBXGroup;
			children = (
				7CCCCB0E29DD50FC002C8C06 /* BaseViewController.swift */,
			);
			path = Views;
			sourceTree = "<group>";
		};
		7CCCCB1029DD51C8002C8C06 /* Routing */ = {
			isa = PBXGroup;
			children = (
				7CCCCB1129DD51DE002C8C06 /* AppRouter.swift */,
			);
			path = Routing;
			sourceTree = "<group>";
		};
		7CCCCB1329DD531D002C8C06 /* Features */ = {
			isa = PBXGroup;
			children = (
				7CCCCB1429DD5324002C8C06 /* InternalMenu */,
			);
			path = Features;
			sourceTree = "<group>";
		};
		7CCCCB1429DD5324002C8C06 /* InternalMenu */ = {
			isa = PBXGroup;
			children = (
				7CE951C329DDB98500D03B6A /* Routes */,
				7CCCCB1529DD5331002C8C06 /* ViewModels */,
				7CCCCB1629DD5337002C8C06 /* Views */,
			);
			path = InternalMenu;
			sourceTree = "<group>";
		};
		7CCCCB1529DD5331002C8C06 /* ViewModels */ = {
			isa = PBXGroup;
			children = (
				7CCCCB1F29DD55F4002C8C06 /* InternalMenuDescriptionItemViewModel.swift */,
				7CCCCB1D29DD546B002C8C06 /* InternalMenuItemViewModel.swift */,
				7CCCCB1B29DD53FC002C8C06 /* InternalMenuSection.swift */,
				7CCCCB1929DD53AD002C8C06 /* InternalMenuViewModel.swift */,
				7CB1DC7329DF11B0006E05C8 /* InternalMenuActionTriggerItemViewModel.swift */,
				7CB1DC7929DF152B006E05C8 /* DesignKitDemoItemViewModel.swift */,
			);
			path = ViewModels;
			sourceTree = "<group>";
		};
		7CCCCB1629DD5337002C8C06 /* Views */ = {
			isa = PBXGroup;
			children = (
				7CCCCB2129DD589A002C8C06 /* InternalMenuCell.swift */,
				7CCCCB2329DD58B4002C8C06 /* InternalMenuDescriptionCell.swift */,
				7CCCCB1729DD536C002C8C06 /* InternalMenuViewController.swift */,
				7CB1DC7729DF1446006E05C8 /* InternalMenuActionTriggerCell.swift */,
				7C5A79A429E4449700069192 /* DesignKitDemoViewController.swift */,
			);
			path = Views;
			sourceTree = "<group>";
		};
		7CE951BB29DDAAEB00D03B6A /* Extensions */ = {
			isa = PBXGroup;
			children = (
				7CE951BC29DDAB0A00D03B6A /* UIApplicationExtension.swift */,
			);
			path = Extensions;
			sourceTree = "<group>";
		};
		7CE951C329DDB98500D03B6A /* Routes */ = {
			isa = PBXGroup;
			children = (
				7CE951C429DDB99200D03B6A /* InternalMenuRouter.swift */,
			);
			path = Routes;
			sourceTree = "<group>";
		};
/* End PBXGroup section */

/* Begin PBXNativeTarget section */
		7CABF87529DABB57003F5897 /* Moments */ = {
			isa = PBXNativeTarget;
			buildConfigurationList = 7CABF88A29DABB59003F5897 /* Build configuration list for PBXNativeTarget "Moments" */;
			buildPhases = (
				0A98F5785B3DE41C00FD17F8 /* [CP] Check Pods Manifest.lock */,
				7CABF87229DABB57003F5897 /* Sources */,
				7CABF87329DABB57003F5897 /* Frameworks */,
				7CABF87429DABB57003F5897 /* Resources */,
				3B076A0E294196B46F30F01C /* [CP] Embed Pods Frameworks */,
				7C5725C229DC554700D860D5 /* Run SwiftLint */,
			);
			buildRules = (
			);
			dependencies = (
			);
			name = Moments;
			productName = Moments;
			productReference = 7CABF87629DABB57003F5897 /* Moments.app */;
			productType = "com.apple.product-type.application";
		};
		7CABF89029DAC177003F5897 /* MomentsTests */ = {
			isa = PBXNativeTarget;
			buildConfigurationList = 7CABF89929DAC178003F5897 /* Build configuration list for PBXNativeTarget "MomentsTests" */;
			buildPhases = (
				A6732D7BCB099744C15FF4F7 /* [CP] Check Pods Manifest.lock */,
				7CABF88D29DAC177003F5897 /* Sources */,
				7CABF88E29DAC177003F5897 /* Frameworks */,
				7CABF88F29DAC177003F5897 /* Resources */,
				CED1BDAAFE61CC8268015525 /* [CP] Embed Pods Frameworks */,
			);
			buildRules = (
			);
			dependencies = (
				7CABF89629DAC178003F5897 /* PBXTargetDependency */,
			);
			name = MomentsTests;
			productName = MomentsTests;
			productReference = 7CABF89129DAC177003F5897 /* MomentsTests.xctest */;
			productType = "com.apple.product-type.bundle.unit-test";
		};
/* End PBXNativeTarget section */

/* Begin PBXProject section */
		7CABF86E29DABB57003F5897 /* Project object */ = {
			isa = PBXProject;
			attributes = {
				BuildIndependentTargetsInParallel = NO;
				LastSwiftUpdateCheck = 1420;
				LastUpgradeCheck = 1420;
				TargetAttributes = {
					7CABF87529DABB57003F5897 = {
						CreatedOnToolsVersion = 14.2;
					};
					7CABF89029DAC177003F5897 = {
						CreatedOnToolsVersion = 14.2;
						TestTargetID = 7CABF87529DABB57003F5897;
					};
				};
			};
			buildConfigurationList = 7CABF87129DABB57003F5897 /* Build configuration list for PBXProject "Moments" */;
			compatibilityVersion = "Xcode 14.0";
			developmentRegion = en;
			hasScannedForEncodings = 0;
			knownRegions = (
				en,
				Base,
			);
			mainGroup = 7CABF86D29DABB57003F5897;
			productRefGroup = 7CABF87729DABB57003F5897 /* Products */;
			projectDirPath = "";
			projectRoot = "";
			targets = (
				7CABF87529DABB57003F5897 /* Moments */,
				7CABF89029DAC177003F5897 /* MomentsTests */,
			);
		};
/* End PBXProject section */

/* Begin PBXResourcesBuildPhase section */
		7CABF87429DABB57003F5897 /* Resources */ = {
			isa = PBXResourcesBuildPhase;
			buildActionMask = 2147483647;
			files = (
				7C5725CF29DC563900D860D5 /* AppStoreProject.xcconfig in Resources */,
				7C5725E129DC640A00D860D5 /* AppStoreTarget.xcconfig in Resources */,
				7CABF88329DABB59003F5897 /* Assets.xcassets in Resources */,
				7C5725D029DC563900D860D5 /* BaseProject.xcconfig in Resources */,
				7C5725E229DC640A00D860D5 /* BaseTarget.xcconfig in Resources */,
				7C5725CE29DC563900D860D5 /* CompilerAndLanguage.xcconfig in Resources */,
				7C5725D429DC563900D860D5 /* DebugProject.xcconfig in Resources */,
				7C5725E029DC640A00D860D5 /* DebugTarget.xcconfig in Resources */,
				7C5725D229DC563900D860D5 /* InternalProject.xcconfig in Resources */,
				7C5725E329DC640A00D860D5 /* InternalTarget.xcconfig in Resources */,
				7CABF88629DABB59003F5897 /* LaunchScreen.storyboard in Resources */,
				7CABF88129DABB57003F5897 /* Main.storyboard in Resources */,
				7C5725DB29DC5D4100D860D5 /* README.md in Resources */,
				7C5725D329DC563900D860D5 /* SDKAndDeviceSupport.xcconfig in Resources */,
			);
			runOnlyForDeploymentPostprocessing = 0;
		};
		7CABF88F29DAC177003F5897 /* Resources */ = {
			isa = PBXResourcesBuildPhase;
			buildActionMask = 2147483647;
			files = (
			);
			runOnlyForDeploymentPostprocessing = 0;
		};
/* End PBXResourcesBuildPhase section */

/* Begin PBXShellScriptBuildPhase section */
		0A98F5785B3DE41C00FD17F8 /* [CP] Check Pods Manifest.lock */ = {
			isa = PBXShellScriptBuildPhase;
			buildActionMask = 2147483647;
			files = (
			);
			inputFileListPaths = (
			);
			inputPaths = (
				"${PODS_PODFILE_DIR_PATH}/Podfile.lock",
				"${PODS_ROOT}/Manifest.lock",
			);
			name = "[CP] Check Pods Manifest.lock";
			outputFileListPaths = (
			);
			outputPaths = (
				"$(DERIVED_FILE_DIR)/Pods-Moments-checkManifestLockResult.txt",
			);
			runOnlyForDeploymentPostprocessing = 0;
			shellPath = /bin/sh;
			shellScript = "diff \"${PODS_PODFILE_DIR_PATH}/Podfile.lock\" \"${PODS_ROOT}/Manifest.lock\" > /dev/null\nif [ $? != 0 ] ; then\n    # print error to STDERR\n    echo \"error: The sandbox is not in sync with the Podfile.lock. Run 'pod install' or update your CocoaPods installation.\" >&2\n    exit 1\nfi\n# This output is used by Xcode 'outputs' to avoid re-running this script phase.\necho \"SUCCESS\" > \"${SCRIPT_OUTPUT_FILE_0}\"\n";
			showEnvVarsInLog = 0;
		};
		3B076A0E294196B46F30F01C /* [CP] Embed Pods Frameworks */ = {
			isa = PBXShellScriptBuildPhase;
			buildActionMask = 2147483647;
			files = (
			);
			inputFileListPaths = (
				"${PODS_ROOT}/Target Support Files/Pods-Moments/Pods-Moments-frameworks-${CONFIGURATION}-input-files.xcfilelist",
			);
			name = "[CP] Embed Pods Frameworks";
			outputFileListPaths = (
				"${PODS_ROOT}/Target Support Files/Pods-Moments/Pods-Moments-frameworks-${CONFIGURATION}-output-files.xcfilelist",
			);
			runOnlyForDeploymentPostprocessing = 0;
			shellPath = /bin/sh;
			shellScript = "\"${PODS_ROOT}/Target Support Files/Pods-Moments/Pods-Moments-frameworks.sh\"\n";
			showEnvVarsInLog = 0;
		};
		7C5725C229DC554700D860D5 /* Run SwiftLint */ = {
			isa = PBXShellScriptBuildPhase;
			buildActionMask = 2147483647;
			files = (
			);
			inputFileListPaths = (
			);
			inputPaths = (
			);
			name = "Run SwiftLint";
			outputFileListPaths = (
			);
			outputPaths = (
			);
			runOnlyForDeploymentPostprocessing = 0;
			shellPath = /bin/sh;
			shellScript = "\"${PODS_ROOT}/SwiftLint/swiftlint\"\n";
		};
		A6732D7BCB099744C15FF4F7 /* [CP] Check Pods Manifest.lock */ = {
			isa = PBXShellScriptBuildPhase;
			buildActionMask = 2147483647;
			files = (
			);
			inputFileListPaths = (
			);
			inputPaths = (
				"${PODS_PODFILE_DIR_PATH}/Podfile.lock",
				"${PODS_ROOT}/Manifest.lock",
			);
			name = "[CP] Check Pods Manifest.lock";
			outputFileListPaths = (
			);
			outputPaths = (
				"$(DERIVED_FILE_DIR)/Pods-MomentsTests-checkManifestLockResult.txt",
			);
			runOnlyForDeploymentPostprocessing = 0;
			shellPath = /bin/sh;
			shellScript = "diff \"${PODS_PODFILE_DIR_PATH}/Podfile.lock\" \"${PODS_ROOT}/Manifest.lock\" > /dev/null\nif [ $? != 0 ] ; then\n    # print error to STDERR\n    echo \"error: The sandbox is not in sync with the Podfile.lock. Run 'pod install' or update your CocoaPods installation.\" >&2\n    exit 1\nfi\n# This output is used by Xcode 'outputs' to avoid re-running this script phase.\necho \"SUCCESS\" > \"${SCRIPT_OUTPUT_FILE_0}\"\n";
			showEnvVarsInLog = 0;
		};
		CED1BDAAFE61CC8268015525 /* [CP] Embed Pods Frameworks */ = {
			isa = PBXShellScriptBuildPhase;
			buildActionMask = 2147483647;
			files = (
			);
			inputFileListPaths = (
				"${PODS_ROOT}/Target Support Files/Pods-MomentsTests/Pods-MomentsTests-frameworks-${CONFIGURATION}-input-files.xcfilelist",
			);
			name = "[CP] Embed Pods Frameworks";
			outputFileListPaths = (
				"${PODS_ROOT}/Target Support Files/Pods-MomentsTests/Pods-MomentsTests-frameworks-${CONFIGURATION}-output-files.xcfilelist",
			);
			runOnlyForDeploymentPostprocessing = 0;
			shellPath = /bin/sh;
			shellScript = "\"${PODS_ROOT}/Target Support Files/Pods-MomentsTests/Pods-MomentsTests-frameworks.sh\"\n";
			showEnvVarsInLog = 0;
		};
/* End PBXShellScriptBuildPhase section */

/* Begin PBXSourcesBuildPhase section */
		7CABF87229DABB57003F5897 /* Sources */ = {
			isa = PBXSourcesBuildPhase;
			buildActionMask = 2147483647;
			files = (
				7CABF87A29DABB57003F5897 /* AppDelegate.swift in Sources */,
				7CCCCB1229DD51DE002C8C06 /* AppRouter.swift in Sources */,
				7CCCCB0F29DD50FC002C8C06 /* BaseViewController.swift in Sources */,
				7CCCCB0C29DD4E66002C8C06 /* Functions.swift in Sources */,
				7CCCCB2229DD589A002C8C06 /* InternalMenuCell.swift in Sources */,
				7CCCCB2429DD58B4002C8C06 /* InternalMenuDescriptionCell.swift in Sources */,
				7CB1DC7429DF11B0006E05C8 /* InternalMenuActionTriggerItemViewModel.swift in Sources */,
				7CCCCB2029DD55F4002C8C06 /* InternalMenuDescriptionItemViewModel.swift in Sources */,
				7CB1DC7A29DF152B006E05C8 /* DesignKitDemoItemViewModel.swift in Sources */,
				7C5A79A529E4449700069192 /* DesignKitDemoViewController.swift in Sources */,
				7CE951C529DDB99200D03B6A /* InternalMenuRouter.swift in Sources */,
				7CCCCB1E29DD546B002C8C06 /* InternalMenuItemViewModel.swift in Sources */,
				7CB1DC7829DF1446006E05C8 /* InternalMenuActionTriggerCell.swift in Sources */,
				7CCCCB1C29DD53FC002C8C06 /* InternalMenuSection.swift in Sources */,
				7CCCCB1829DD536C002C8C06 /* InternalMenuViewController.swift in Sources */,
				7CCCCB1A29DD53AD002C8C06 /* InternalMenuViewModel.swift in Sources */,
				7CABF87C29DABB57003F5897 /* SceneDelegate.swift in Sources */,
				7CE951BD29DDAB0A00D03B6A /* UIApplicationExtension.swift in Sources */,
				7CABF87E29DABB57003F5897 /* ViewController.swift in Sources */,
			);
			runOnlyForDeploymentPostprocessing = 0;
		};
		7CABF88D29DAC177003F5897 /* Sources */ = {
			isa = PBXSourcesBuildPhase;
			buildActionMask = 2147483647;
			files = (
				7CABF89429DAC178003F5897 /* MomentsTests.swift in Sources */,
			);
			runOnlyForDeploymentPostprocessing = 0;
		};
/* End PBXSourcesBuildPhase section */

/* Begin PBXTargetDependency section */
		7CABF89629DAC178003F5897 /* PBXTargetDependency */ = {
			isa = PBXTargetDependency;
			target = 7CABF87529DABB57003F5897 /* Moments */;
			targetProxy = 7CABF89529DAC178003F5897 /* PBXContainerItemProxy */;
		};
/* End PBXTargetDependency section */

/* Begin PBXVariantGroup section */
		7CABF87F29DABB57003F5897 /* Main.storyboard */ = {
			isa = PBXVariantGroup;
			children = (
				7CABF88029DABB57003F5897 /* Base */,
			);
			name = Main.storyboard;
			sourceTree = "<group>";
		};
		7CABF88429DABB59003F5897 /* LaunchScreen.storyboard */ = {
			isa = PBXVariantGroup;
			children = (
				7CABF88529DABB59003F5897 /* Base */,
			);
			name = LaunchScreen.storyboard;
			sourceTree = "<group>";
		};
/* End PBXVariantGroup section */

/* Begin XCBuildConfiguration section */
		7C3B6D9629DC291D00B6A387 /* AppStore */ = {
			isa = XCBuildConfiguration;
			baseConfigurationReference = 7C5725C529DC563900D860D5 /* AppStoreProject.xcconfig */;
			buildSettings = {
				ALWAYS_SEARCH_USER_PATHS = NO;
				CLANG_ANALYZER_NONNULL = YES;
				CLANG_ANALYZER_NUMBER_OBJECT_CONVERSION = YES_AGGRESSIVE;
				CLANG_CXX_LANGUAGE_STANDARD = "gnu++20";
				CLANG_ENABLE_MODULES = YES;
				CLANG_ENABLE_OBJC_ARC = YES;
				CLANG_ENABLE_OBJC_WEAK = YES;
				CLANG_WARN_BLOCK_CAPTURE_AUTORELEASING = YES;
				CLANG_WARN_BOOL_CONVERSION = YES;
				CLANG_WARN_COMMA = YES;
				CLANG_WARN_CONSTANT_CONVERSION = YES;
				CLANG_WARN_DEPRECATED_OBJC_IMPLEMENTATIONS = YES;
				CLANG_WARN_DIRECT_OBJC_ISA_USAGE = YES_ERROR;
				CLANG_WARN_DOCUMENTATION_COMMENTS = YES;
				CLANG_WARN_EMPTY_BODY = YES;
				CLANG_WARN_ENUM_CONVERSION = YES;
				CLANG_WARN_INFINITE_RECURSION = YES;
				CLANG_WARN_INT_CONVERSION = YES;
				CLANG_WARN_NON_LITERAL_NULL_CONVERSION = YES;
				CLANG_WARN_OBJC_IMPLICIT_RETAIN_SELF = YES;
				CLANG_WARN_OBJC_LITERAL_CONVERSION = YES;
				CLANG_WARN_OBJC_ROOT_CLASS = YES_ERROR;
				CLANG_WARN_QUOTED_INCLUDE_IN_FRAMEWORK_HEADER = YES;
				CLANG_WARN_RANGE_LOOP_ANALYSIS = YES;
				CLANG_WARN_STRICT_PROTOTYPES = YES;
				CLANG_WARN_SUSPICIOUS_MOVE = YES;
				CLANG_WARN_UNGUARDED_AVAILABILITY = YES_AGGRESSIVE;
				CLANG_WARN_UNREACHABLE_CODE = YES;
				CLANG_WARN__DUPLICATE_METHOD_MATCH = YES;
				COPY_PHASE_STRIP = NO;
				DEBUG_INFORMATION_FORMAT = dwarf;
				ENABLE_STRICT_OBJC_MSGSEND = YES;
				ENABLE_TESTABILITY = YES;
				GCC_C_LANGUAGE_STANDARD = gnu11;
				GCC_DYNAMIC_NO_PIC = NO;
				GCC_NO_COMMON_BLOCKS = YES;
				GCC_OPTIMIZATION_LEVEL = 0;
				GCC_PREPROCESSOR_DEFINITIONS = (
					"DEBUG=1",
					"$(inherited)",
				);
				GCC_WARN_64_TO_32_BIT_CONVERSION = YES;
				GCC_WARN_ABOUT_RETURN_TYPE = YES_ERROR;
				GCC_WARN_UNDECLARED_SELECTOR = YES;
				GCC_WARN_UNINITIALIZED_AUTOS = YES_AGGRESSIVE;
				GCC_WARN_UNUSED_FUNCTION = YES;
				GCC_WARN_UNUSED_VARIABLE = YES;
				MTL_ENABLE_DEBUG_INFO = INCLUDE_SOURCE;
				MTL_FAST_MATH = YES;
				ONLY_ACTIVE_ARCH = YES;
				SDKROOT = iphoneos;
				SWIFT_ACTIVE_COMPILATION_CONDITIONS = DEBUG;
				SWIFT_OPTIMIZATION_LEVEL = "-Onone";
			};
			name = AppStore;
		};
		7C3B6D9729DC291D00B6A387 /* AppStore */ = {
			isa = XCBuildConfiguration;
			baseConfigurationReference = 7C5725DD29DC640A00D860D5 /* AppStoreTarget.xcconfig */;
			buildSettings = {
				ASSETCATALOG_COMPILER_APPICON_NAME = AppIcon;
				ASSETCATALOG_COMPILER_GLOBAL_ACCENT_COLOR_NAME = AccentColor;
				CODE_SIGN_STYLE = Manual;
				CURRENT_PROJECT_VERSION = "${PRODUCT_VERSION_SHORT}";
				DEVELOPMENT_TEAM = "";
				GENERATE_INFOPLIST_FILE = YES;
				INFOPLIST_FILE = Moments/Info.plist;
				INFOPLIST_KEY_CFBundleDisplayName = "$(PRODUCT_BUNDLE_NAME)";
				INFOPLIST_KEY_UIApplicationSupportsIndirectInputEvents = YES;
				INFOPLIST_KEY_UILaunchStoryboardName = LaunchScreen;
				INFOPLIST_KEY_UIMainStoryboardFile = Main;
				INFOPLIST_KEY_UIRequiredDeviceCapabilities = armv7;
				INFOPLIST_KEY_UISupportedInterfaceOrientations = UIInterfaceOrientationPortrait;
				INFOPLIST_KEY_UISupportedInterfaceOrientations_iPad = "UIInterfaceOrientationPortrait UIInterfaceOrientationPortraitUpsideDown UIInterfaceOrientationLandscapeLeft UIInterfaceOrientationLandscapeRight";
				IPHONEOS_DEPLOYMENT_TARGET = "$(IPHONEOS_DEPLOYMENT_TARGET)";
				LD_RUNPATH_SEARCH_PATHS = (
					"$(inherited)",
					"@executable_path/Frameworks",
				);
				MARKETING_VERSION = "$(PRODUCT_VERSION)";
				PRODUCT_NAME = "$(TARGET_NAME)";
				PROVISIONING_PROFILE_SPECIFIER = "";
				SUPPORTED_PLATFORMS = "iphoneos iphonesimulator";
				SUPPORTS_MACCATALYST = NO;
				SUPPORTS_MAC_DESIGNED_FOR_IPHONE_IPAD = YES;
				SWIFT_EMIT_LOC_STRINGS = YES;
				SWIFT_VERSION = 5.0;
				TARGETED_DEVICE_FAMILY = 1;
			};
			name = AppStore;
		};
		7C3B6D9829DC291D00B6A387 /* AppStore */ = {
			isa = XCBuildConfiguration;
			baseConfigurationReference = 48C749CCD4F825F8EDC60FFF /* Pods-MomentsTests.appstore.xcconfig */;
			buildSettings = {
				BUNDLE_LOADER = "$(TEST_HOST)";
				CODE_SIGN_STYLE = Automatic;
				CURRENT_PROJECT_VERSION = 1;
				DEVELOPMENT_TEAM = 24YHS6RWKP;
				GENERATE_INFOPLIST_FILE = YES;
				MARKETING_VERSION = 1.0;
				PRODUCT_BUNDLE_IDENTIFIER = com.meitu.demo.MomentsTests;
				PRODUCT_NAME = "$(TARGET_NAME)";
				SWIFT_EMIT_LOC_STRINGS = NO;
				SWIFT_VERSION = 5.0;
				TARGETED_DEVICE_FAMILY = "1,2";
				TEST_HOST = "$(BUILT_PRODUCTS_DIR)/Moments.app/$(BUNDLE_EXECUTABLE_FOLDER_PATH)/Moments";
			};
			name = AppStore;
		};
		7C3B6D9C29DC299B00B6A387 /* Internal */ = {
			isa = XCBuildConfiguration;
			baseConfigurationReference = 7C5725C829DC563900D860D5 /* InternalProject.xcconfig */;
			buildSettings = {
				ALWAYS_SEARCH_USER_PATHS = NO;
				CLANG_ANALYZER_NONNULL = YES;
				CLANG_ANALYZER_NUMBER_OBJECT_CONVERSION = YES_AGGRESSIVE;
				CLANG_CXX_LANGUAGE_STANDARD = "gnu++20";
				CLANG_ENABLE_MODULES = YES;
				CLANG_ENABLE_OBJC_ARC = YES;
				CLANG_ENABLE_OBJC_WEAK = YES;
				CLANG_WARN_BLOCK_CAPTURE_AUTORELEASING = YES;
				CLANG_WARN_BOOL_CONVERSION = YES;
				CLANG_WARN_COMMA = YES;
				CLANG_WARN_CONSTANT_CONVERSION = YES;
				CLANG_WARN_DEPRECATED_OBJC_IMPLEMENTATIONS = YES;
				CLANG_WARN_DIRECT_OBJC_ISA_USAGE = YES_ERROR;
				CLANG_WARN_DOCUMENTATION_COMMENTS = YES;
				CLANG_WARN_EMPTY_BODY = YES;
				CLANG_WARN_ENUM_CONVERSION = YES;
				CLANG_WARN_INFINITE_RECURSION = YES;
				CLANG_WARN_INT_CONVERSION = YES;
				CLANG_WARN_NON_LITERAL_NULL_CONVERSION = YES;
				CLANG_WARN_OBJC_IMPLICIT_RETAIN_SELF = YES;
				CLANG_WARN_OBJC_LITERAL_CONVERSION = YES;
				CLANG_WARN_OBJC_ROOT_CLASS = YES_ERROR;
				CLANG_WARN_QUOTED_INCLUDE_IN_FRAMEWORK_HEADER = YES;
				CLANG_WARN_RANGE_LOOP_ANALYSIS = YES;
				CLANG_WARN_STRICT_PROTOTYPES = YES;
				CLANG_WARN_SUSPICIOUS_MOVE = YES;
				CLANG_WARN_UNGUARDED_AVAILABILITY = YES_AGGRESSIVE;
				CLANG_WARN_UNREACHABLE_CODE = YES;
				CLANG_WARN__DUPLICATE_METHOD_MATCH = YES;
				COPY_PHASE_STRIP = NO;
				DEBUG_INFORMATION_FORMAT = dwarf;
				ENABLE_STRICT_OBJC_MSGSEND = YES;
				ENABLE_TESTABILITY = YES;
				GCC_C_LANGUAGE_STANDARD = gnu11;
				GCC_DYNAMIC_NO_PIC = NO;
				GCC_NO_COMMON_BLOCKS = YES;
				GCC_OPTIMIZATION_LEVEL = 0;
				GCC_PREPROCESSOR_DEFINITIONS = (
					"DEBUG=1",
					"$(inherited)",
				);
				GCC_WARN_64_TO_32_BIT_CONVERSION = YES;
				GCC_WARN_ABOUT_RETURN_TYPE = YES_ERROR;
				GCC_WARN_UNDECLARED_SELECTOR = YES;
				GCC_WARN_UNINITIALIZED_AUTOS = YES_AGGRESSIVE;
				GCC_WARN_UNUSED_FUNCTION = YES;
				GCC_WARN_UNUSED_VARIABLE = YES;
				MTL_ENABLE_DEBUG_INFO = INCLUDE_SOURCE;
				MTL_FAST_MATH = YES;
				ONLY_ACTIVE_ARCH = YES;
				SDKROOT = iphoneos;
				SWIFT_ACTIVE_COMPILATION_CONDITIONS = DEBUG;
				SWIFT_OPTIMIZATION_LEVEL = "-Onone";
			};
			name = Internal;
		};
		7C3B6D9D29DC299B00B6A387 /* Internal */ = {
			isa = XCBuildConfiguration;
			baseConfigurationReference = 7C5725DF29DC640A00D860D5 /* InternalTarget.xcconfig */;
			buildSettings = {
				ASSETCATALOG_COMPILER_APPICON_NAME = AppIcon;
				ASSETCATALOG_COMPILER_GLOBAL_ACCENT_COLOR_NAME = AccentColor;
				CODE_SIGN_STYLE = Manual;
				CURRENT_PROJECT_VERSION = "${PRODUCT_VERSION_SHORT}";
				DEVELOPMENT_TEAM = "";
				GENERATE_INFOPLIST_FILE = YES;
				INFOPLIST_FILE = Moments/Info.plist;
				INFOPLIST_KEY_CFBundleDisplayName = "$(PRODUCT_BUNDLE_NAME)";
				INFOPLIST_KEY_UIApplicationSupportsIndirectInputEvents = YES;
				INFOPLIST_KEY_UILaunchStoryboardName = LaunchScreen;
				INFOPLIST_KEY_UIMainStoryboardFile = Main;
				INFOPLIST_KEY_UIRequiredDeviceCapabilities = armv7;
				INFOPLIST_KEY_UISupportedInterfaceOrientations = UIInterfaceOrientationPortrait;
				INFOPLIST_KEY_UISupportedInterfaceOrientations_iPad = "UIInterfaceOrientationPortrait UIInterfaceOrientationPortraitUpsideDown UIInterfaceOrientationLandscapeLeft UIInterfaceOrientationLandscapeRight";
				IPHONEOS_DEPLOYMENT_TARGET = "$(IPHONEOS_DEPLOYMENT_TARGET)";
				LD_RUNPATH_SEARCH_PATHS = (
					"$(inherited)",
					"@executable_path/Frameworks",
				);
				MARKETING_VERSION = "$(PRODUCT_VERSION)";
				PRODUCT_NAME = "$(TARGET_NAME)";
				PROVISIONING_PROFILE_SPECIFIER = "";
				SUPPORTED_PLATFORMS = "iphoneos iphonesimulator";
				SUPPORTS_MACCATALYST = NO;
				SUPPORTS_MAC_DESIGNED_FOR_IPHONE_IPAD = YES;
				SWIFT_EMIT_LOC_STRINGS = YES;
				SWIFT_VERSION = 5.0;
				TARGETED_DEVICE_FAMILY = 1;
			};
			name = Internal;
		};
		7C3B6D9E29DC299B00B6A387 /* Internal */ = {
			isa = XCBuildConfiguration;
			baseConfigurationReference = 2EFAACDCE40A31BC87AC6C0A /* Pods-MomentsTests.internal.xcconfig */;
			buildSettings = {
				BUNDLE_LOADER = "$(TEST_HOST)";
				CODE_SIGN_STYLE = Automatic;
				CURRENT_PROJECT_VERSION = 1;
				DEVELOPMENT_TEAM = 24YHS6RWKP;
				GENERATE_INFOPLIST_FILE = YES;
				MARKETING_VERSION = 1.0;
				PRODUCT_BUNDLE_IDENTIFIER = com.meitu.demo.MomentsTests;
				PRODUCT_NAME = "$(TARGET_NAME)";
				SWIFT_EMIT_LOC_STRINGS = NO;
				SWIFT_VERSION = 5.0;
				TARGETED_DEVICE_FAMILY = "1,2";
				TEST_HOST = "$(BUILT_PRODUCTS_DIR)/Moments.app/$(BUNDLE_EXECUTABLE_FOLDER_PATH)/Moments";
			};
			name = Internal;
		};
		7CABF88829DABB59003F5897 /* Debug */ = {
			isa = XCBuildConfiguration;
			baseConfigurationReference = 7C5725CA29DC563900D860D5 /* DebugProject.xcconfig */;
			buildSettings = {
				ALWAYS_SEARCH_USER_PATHS = NO;
				CLANG_ANALYZER_NONNULL = YES;
				CLANG_ANALYZER_NUMBER_OBJECT_CONVERSION = YES_AGGRESSIVE;
				CLANG_CXX_LANGUAGE_STANDARD = "gnu++20";
				CLANG_ENABLE_MODULES = YES;
				CLANG_ENABLE_OBJC_ARC = YES;
				CLANG_ENABLE_OBJC_WEAK = YES;
				CLANG_WARN_BLOCK_CAPTURE_AUTORELEASING = YES;
				CLANG_WARN_BOOL_CONVERSION = YES;
				CLANG_WARN_COMMA = YES;
				CLANG_WARN_CONSTANT_CONVERSION = YES;
				CLANG_WARN_DEPRECATED_OBJC_IMPLEMENTATIONS = YES;
				CLANG_WARN_DIRECT_OBJC_ISA_USAGE = YES_ERROR;
				CLANG_WARN_DOCUMENTATION_COMMENTS = YES;
				CLANG_WARN_EMPTY_BODY = YES;
				CLANG_WARN_ENUM_CONVERSION = YES;
				CLANG_WARN_INFINITE_RECURSION = YES;
				CLANG_WARN_INT_CONVERSION = YES;
				CLANG_WARN_NON_LITERAL_NULL_CONVERSION = YES;
				CLANG_WARN_OBJC_IMPLICIT_RETAIN_SELF = YES;
				CLANG_WARN_OBJC_LITERAL_CONVERSION = YES;
				CLANG_WARN_OBJC_ROOT_CLASS = YES_ERROR;
				CLANG_WARN_QUOTED_INCLUDE_IN_FRAMEWORK_HEADER = YES;
				CLANG_WARN_RANGE_LOOP_ANALYSIS = YES;
				CLANG_WARN_STRICT_PROTOTYPES = YES;
				CLANG_WARN_SUSPICIOUS_MOVE = YES;
				CLANG_WARN_UNGUARDED_AVAILABILITY = YES_AGGRESSIVE;
				CLANG_WARN_UNREACHABLE_CODE = YES;
				CLANG_WARN__DUPLICATE_METHOD_MATCH = YES;
				COPY_PHASE_STRIP = NO;
				DEBUG_INFORMATION_FORMAT = dwarf;
				ENABLE_STRICT_OBJC_MSGSEND = YES;
				ENABLE_TESTABILITY = YES;
				GCC_C_LANGUAGE_STANDARD = gnu11;
				GCC_DYNAMIC_NO_PIC = NO;
				GCC_NO_COMMON_BLOCKS = YES;
				GCC_OPTIMIZATION_LEVEL = 0;
				GCC_PREPROCESSOR_DEFINITIONS = (
					"DEBUG=1",
					"$(inherited)",
				);
				GCC_WARN_64_TO_32_BIT_CONVERSION = YES;
				GCC_WARN_ABOUT_RETURN_TYPE = YES_ERROR;
				GCC_WARN_UNDECLARED_SELECTOR = YES;
				GCC_WARN_UNINITIALIZED_AUTOS = YES_AGGRESSIVE;
				GCC_WARN_UNUSED_FUNCTION = YES;
				GCC_WARN_UNUSED_VARIABLE = YES;
				MTL_ENABLE_DEBUG_INFO = INCLUDE_SOURCE;
				MTL_FAST_MATH = YES;
				ONLY_ACTIVE_ARCH = YES;
				SDKROOT = iphoneos;
				SWIFT_ACTIVE_COMPILATION_CONDITIONS = DEBUG;
				SWIFT_OPTIMIZATION_LEVEL = "-Onone";
			};
			name = Debug;
		};
		7CABF88B29DABB59003F5897 /* Debug */ = {
			isa = XCBuildConfiguration;
			baseConfigurationReference = 7C5725DC29DC640A00D860D5 /* DebugTarget.xcconfig */;
			buildSettings = {
				ASSETCATALOG_COMPILER_APPICON_NAME = AppIcon;
				ASSETCATALOG_COMPILER_GLOBAL_ACCENT_COLOR_NAME = AccentColor;
				CODE_SIGN_STYLE = Manual;
				CURRENT_PROJECT_VERSION = "${PRODUCT_VERSION_SHORT}";
				DEVELOPMENT_TEAM = "";
				GENERATE_INFOPLIST_FILE = YES;
				INFOPLIST_FILE = Moments/Info.plist;
				INFOPLIST_KEY_CFBundleDisplayName = "$(PRODUCT_BUNDLE_NAME)";
				INFOPLIST_KEY_UIApplicationSupportsIndirectInputEvents = YES;
				INFOPLIST_KEY_UILaunchStoryboardName = LaunchScreen;
				INFOPLIST_KEY_UIMainStoryboardFile = Main;
				INFOPLIST_KEY_UIRequiredDeviceCapabilities = armv7;
				INFOPLIST_KEY_UISupportedInterfaceOrientations = UIInterfaceOrientationPortrait;
				INFOPLIST_KEY_UISupportedInterfaceOrientations_iPad = "UIInterfaceOrientationPortrait UIInterfaceOrientationPortraitUpsideDown UIInterfaceOrientationLandscapeLeft UIInterfaceOrientationLandscapeRight";
				IPHONEOS_DEPLOYMENT_TARGET = "$(IPHONEOS_DEPLOYMENT_TARGET)";
				LD_RUNPATH_SEARCH_PATHS = (
					"$(inherited)",
					"@executable_path/Frameworks",
				);
				MARKETING_VERSION = "$(PRODUCT_VERSION)";
				PRODUCT_NAME = "$(TARGET_NAME)";
				PROVISIONING_PROFILE_SPECIFIER = "";
				SUPPORTED_PLATFORMS = "iphoneos iphonesimulator";
				SUPPORTS_MACCATALYST = NO;
				SUPPORTS_MAC_DESIGNED_FOR_IPHONE_IPAD = YES;
				SWIFT_EMIT_LOC_STRINGS = YES;
				SWIFT_VERSION = 5.0;
				TARGETED_DEVICE_FAMILY = 1;
			};
			name = Debug;
		};
		7CABF89729DAC178003F5897 /* Debug */ = {
			isa = XCBuildConfiguration;
			baseConfigurationReference = B46856CDF0BC96B22E1E3398 /* Pods-MomentsTests.debug.xcconfig */;
			buildSettings = {
				BUNDLE_LOADER = "$(TEST_HOST)";
				CODE_SIGN_STYLE = Automatic;
				CURRENT_PROJECT_VERSION = 1;
				DEVELOPMENT_TEAM = 24YHS6RWKP;
				GENERATE_INFOPLIST_FILE = YES;
				MARKETING_VERSION = 1.0;
				PRODUCT_BUNDLE_IDENTIFIER = com.meitu.demo.MomentsTests;
				PRODUCT_NAME = "$(TARGET_NAME)";
				SWIFT_EMIT_LOC_STRINGS = NO;
				SWIFT_VERSION = 5.0;
				TARGETED_DEVICE_FAMILY = "1,2";
				TEST_HOST = "$(BUILT_PRODUCTS_DIR)/Moments.app/$(BUNDLE_EXECUTABLE_FOLDER_PATH)/Moments";
			};
			name = Debug;
		};
/* End XCBuildConfiguration section */

/* Begin XCConfigurationList section */
		7CABF87129DABB57003F5897 /* Build configuration list for PBXProject "Moments" */ = {
			isa = XCConfigurationList;
			buildConfigurations = (
				7CABF88829DABB59003F5897 /* Debug */,
				7C3B6D9629DC291D00B6A387 /* AppStore */,
				7C3B6D9C29DC299B00B6A387 /* Internal */,
			);
			defaultConfigurationIsVisible = 0;
			defaultConfigurationName = Debug;
		};
		7CABF88A29DABB59003F5897 /* Build configuration list for PBXNativeTarget "Moments" */ = {
			isa = XCConfigurationList;
			buildConfigurations = (
				7CABF88B29DABB59003F5897 /* Debug */,
				7C3B6D9729DC291D00B6A387 /* AppStore */,
				7C3B6D9D29DC299B00B6A387 /* Internal */,
			);
			defaultConfigurationIsVisible = 0;
			defaultConfigurationName = Debug;
		};
		7CABF89929DAC178003F5897 /* Build configuration list for PBXNativeTarget "MomentsTests" */ = {
			isa = XCConfigurationList;
			buildConfigurations = (
				7CABF89729DAC178003F5897 /* Debug */,
				7C3B6D9829DC291D00B6A387 /* AppStore */,
				7C3B6D9E29DC299B00B6A387 /* Internal */,
			);
			defaultConfigurationIsVisible = 0;
			defaultConfigurationName = Debug;
		};
/* End XCConfigurationList section */
	};
	rootObject = 7CABF86E29DABB57003F5897 /* Project object */;
}
